// !$*UTF8*$!
{
	archiveVersion = 1;
	classes = {
	};
	objectVersion = 56;
	objects = {

/* Begin PBXBuildFile section */
		5ABBCD4BBC6C7CA78E8FF66B /* Pods_ToraOffical.framework in Frameworks */ = {isa = PBXBuildFile; fileRef = 4A5AD855A8112EF96C73F601 /* Pods_ToraOffical.framework */; };
		CB2584082BA58A3800FF6DEC /* Localizable.strings in Resources */ = {isa = PBXBuildFile; fileRef = CB2584072BA58A3800FF6DEC /* Localizable.strings */; };
		CB2584122BA58F7700FF6DEC /* LN000Screen.swift in Sources */ = {isa = PBXBuildFile; fileRef = CB2584102BA58F7700FF6DEC /* LN000Screen.swift */; };
		CB2584132BA58F7700FF6DEC /* LN000Screen.xib in Resources */ = {isa = PBXBuildFile; fileRef = CB2584112BA58F7700FF6DEC /* LN000Screen.xib */; };
		CB2584172BA58FAA00FF6DEC /* BK000Screen.swift in Sources */ = {isa = PBXBuildFile; fileRef = CB2584152BA58FAA00FF6DEC /* BK000Screen.swift */; };
		CB2584182BA58FAA00FF6DEC /* BK000Screen.xib in Resources */ = {isa = PBXBuildFile; fileRef = CB2584162BA58FAA00FF6DEC /* BK000Screen.xib */; };
		CB2584232BA5903F00FF6DEC /* HM000Screen.swift in Sources */ = {isa = PBXBuildFile; fileRef = CB2584212BA5903F00FF6DEC /* HM000Screen.swift */; };
		CB2584242BA5903F00FF6DEC /* HM000Screen.xib in Resources */ = {isa = PBXBuildFile; fileRef = CB2584222BA5903F00FF6DEC /* HM000Screen.xib */; };
		CB2584282BA5921500FF6DEC /* PR000Screen.swift in Sources */ = {isa = PBXBuildFile; fileRef = CB2584262BA5921500FF6DEC /* PR000Screen.swift */; };
		CB2584292BA5921500FF6DEC /* PR000Screen.xib in Resources */ = {isa = PBXBuildFile; fileRef = CB2584272BA5921500FF6DEC /* PR000Screen.xib */; };
		CB36BFEA2B9C567500E63D38 /* SF-Pro-Rounded-Regular.ttf in Resources */ = {isa = PBXBuildFile; fileRef = CB36BFE72B9C567400E63D38 /* SF-Pro-Rounded-Regular.ttf */; };
		CB36BFEB2B9C567500E63D38 /* SF-Pro-Rounded-Semibold.ttf in Resources */ = {isa = PBXBuildFile; fileRef = CB36BFE82B9C567400E63D38 /* SF-Pro-Rounded-Semibold.ttf */; };
		CB36BFEC2B9C567500E63D38 /* SF-Pro-Rounded-Bold.ttf in Resources */ = {isa = PBXBuildFile; fileRef = CB36BFE92B9C567500E63D38 /* SF-Pro-Rounded-Bold.ttf */; };
		CB36BFEE2B9C9AFC00E63D38 /* OnboardingScreen.swift in Sources */ = {isa = PBXBuildFile; fileRef = CB36BFED2B9C9AFC00E63D38 /* OnboardingScreen.swift */; };
		CB42397A2BD26B3300601696 /* TableViewCourseCell.swift in Sources */ = {isa = PBXBuildFile; fileRef = CB4239782BD26B3300601696 /* TableViewCourseCell.swift */; };
		CB42397B2BD26B3300601696 /* TableViewCourseCell.xib in Resources */ = {isa = PBXBuildFile; fileRef = CB4239792BD26B3300601696 /* TableViewCourseCell.xib */; };
		CB42397F2BD2A61100601696 /* kawaiLession1.mp4 in Resources */ = {isa = PBXBuildFile; fileRef = CB42397E2BD2A61100601696 /* kawaiLession1.mp4 */; };
		CB4239842BD2AA1100601696 /* lession1.pdf in Resources */ = {isa = PBXBuildFile; fileRef = CB4239832BD2AA1100601696 /* lession1.pdf */; };
		CB4355182DD3A9ED00D78ADA /* MainTabBarViewController.swift in Sources */ = {isa = PBXBuildFile; fileRef = CB4355162DD3A9ED00D78ADA /* MainTabBarViewController.swift */; };
		CB4355192DD3A9ED00D78ADA /* MainTabBarViewController.xib in Resources */ = {isa = PBXBuildFile; fileRef = CB4355172DD3A9ED00D78ADA /* MainTabBarViewController.xib */; };
		CB4903072D99322900F1B432 /* HomeScreen.xib in Resources */ = {isa = PBXBuildFile; fileRef = CB4903062D99322900F1B432 /* HomeScreen.xib */; };
		CB4903082D99322900F1B432 /* HomeScreen.swift in Sources */ = {isa = PBXBuildFile; fileRef = CB4903052D99322900F1B432 /* HomeScreen.swift */; };
		CB49030A2D99326E00F1B432 /* HomeModel.swift in Sources */ = {isa = PBXBuildFile; fileRef = CB4903092D99325700F1B432 /* HomeModel.swift */; };
		CB49030C2D99328200F1B432 /* HomePresenter.swift in Sources */ = {isa = PBXBuildFile; fileRef = CB49030B2D99327700F1B432 /* HomePresenter.swift */; };
		CB49030E2D99329500F1B432 /* HomeContract.swift in Sources */ = {isa = PBXBuildFile; fileRef = CB49030D2D99328700F1B432 /* HomeContract.swift */; };
		CB4B2DD52B94C613008BA1B2 /* AppDelegate.swift in Sources */ = {isa = PBXBuildFile; fileRef = CB4B2DD42B94C613008BA1B2 /* AppDelegate.swift */; };
		CB4B2DD72B94C613008BA1B2 /* SceneDelegate.swift in Sources */ = {isa = PBXBuildFile; fileRef = CB4B2DD62B94C613008BA1B2 /* SceneDelegate.swift */; };
		CB4B2DD92B94C613008BA1B2 /* LoginScreen.swift in Sources */ = {isa = PBXBuildFile; fileRef = CB4B2DD82B94C613008BA1B2 /* LoginScreen.swift */; };
		CB4B2DDC2B94C613008BA1B2 /* Main.storyboard in Resources */ = {isa = PBXBuildFile; fileRef = CB4B2DDA2B94C613008BA1B2 /* Main.storyboard */; };
		CB4B2DE12B94C614008BA1B2 /* LaunchScreen.storyboard in Resources */ = {isa = PBXBuildFile; fileRef = CB4B2DDF2B94C614008BA1B2 /* LaunchScreen.storyboard */; };
		CB54F7062DB94078004FE153 /* Constant.swift in Sources */ = {isa = PBXBuildFile; fileRef = CB54F7052DB94078004FE153 /* Constant.swift */; };
		CB6CDC582BD0B0A500491B81 /* CourseCell.swift in Sources */ = {isa = PBXBuildFile; fileRef = CB6CDC562BD0B0A500491B81 /* CourseCell.swift */; };
		CB6CDC592BD0B0A500491B81 /* CourseCell.xib in Resources */ = {isa = PBXBuildFile; fileRef = CB6CDC572BD0B0A500491B81 /* CourseCell.xib */; };
		CB73EFCE2BBCC0180007A0EE /* CardView.swift in Sources */ = {isa = PBXBuildFile; fileRef = CB73EFCD2BBCC0180007A0EE /* CardView.swift */; };
		CB73EFD02BBCC03A0007A0EE /* CardView.xib in Resources */ = {isa = PBXBuildFile; fileRef = CB73EFCF2BBCC03A0007A0EE /* CardView.xib */; };
		CB73EFD32BBCC9310007A0EE /* ER000Screen.swift in Sources */ = {isa = PBXBuildFile; fileRef = CB73EFD12BBCC9310007A0EE /* ER000Screen.swift */; };
		CB73EFD42BBCC9310007A0EE /* ER000Screen.xib in Resources */ = {isa = PBXBuildFile; fileRef = CB73EFD22BBCC9310007A0EE /* ER000Screen.xib */; };
		CB9FD9D42BC93A34008CF4C5 /* LN001Screen.swift in Sources */ = {isa = PBXBuildFile; fileRef = CB9FD9D22BC93A34008CF4C5 /* LN001Screen.swift */; };
		CB9FD9D52BC93A34008CF4C5 /* LN001Screen.xib in Resources */ = {isa = PBXBuildFile; fileRef = CB9FD9D32BC93A34008CF4C5 /* LN001Screen.xib */; };
		CBA264332D7895EC0092C42F /* TabbarCell.xib in Resources */ = {isa = PBXBuildFile; fileRef = CBA2642E2D7895EC0092C42F /* TabbarCell.xib */; };
		CBA264352D7895EC0092C42F /* MenuTabBarView.xib in Resources */ = {isa = PBXBuildFile; fileRef = CBA2642B2D7895EC0092C42F /* MenuTabBarView.xib */; };
		CBA264362D7895EC0092C42F /* TabbarBackgroundView.swift in Sources */ = {isa = PBXBuildFile; fileRef = CBA2642C2D7895EC0092C42F /* TabbarBackgroundView.swift */; };
		CBA264372D7895EC0092C42F /* TabbarCell.swift in Sources */ = {isa = PBXBuildFile; fileRef = CBA2642D2D7895EC0092C42F /* TabbarCell.swift */; };
		CBA264382D7895EC0092C42F /* TabbarObject.swift in Sources */ = {isa = PBXBuildFile; fileRef = CBA264312D7895EC0092C42F /* TabbarObject.swift */; };
		CBA2643A2D7895EC0092C42F /* MenuTabBarView.swift in Sources */ = {isa = PBXBuildFile; fileRef = CBA2642A2D7895EC0092C42F /* MenuTabBarView.swift */; };
		CBA2643D2D7897A20092C42F /* BaseNibView.swift in Sources */ = {isa = PBXBuildFile; fileRef = CBA2643C2D7897A20092C42F /* BaseNibView.swift */; };
		CBE27A082BC11BAC00FCE0EA /* UIViewExtension.swift in Sources */ = {isa = PBXBuildFile; fileRef = CBE27A072BC11BAC00FCE0EA /* UIViewExtension.swift */; };
		CBE27A162BC23DCE00FCE0EA /* SuggestCell.swift in Sources */ = {isa = PBXBuildFile; fileRef = CBE27A142BC23DCE00FCE0EA /* SuggestCell.swift */; };
		CBE27A172BC23DCE00FCE0EA /* SuggestCell.xib in Resources */ = {isa = PBXBuildFile; fileRef = CBE27A152BC23DCE00FCE0EA /* SuggestCell.xib */; };
		CBE64AC92D998C5C00CE5225 /* SuggestView.swift in Sources */ = {isa = PBXBuildFile; fileRef = CBE64AC82D998C5C00CE5225 /* SuggestView.swift */; };
		CBE64ACB2D998C9500CE5225 /* SuggestView.xib in Resources */ = {isa = PBXBuildFile; fileRef = CBE64ACA2D998C9500CE5225 /* SuggestView.xib */; };
		CBE716EB2BC9493800A516A6 /* DetailView.swift in Sources */ = {isa = PBXBuildFile; fileRef = CBE716EA2BC9493800A516A6 /* DetailView.swift */; };
		CBE716ED2BC9494400A516A6 /* DetailView.xib in Resources */ = {isa = PBXBuildFile; fileRef = CBE716EC2BC9494400A516A6 /* DetailView.xib */; };
		CBE716EE2BC96E7B00A516A6 /* Assets.xcassets in Resources */ = {isa = PBXBuildFile; fileRef = CB4B2DDD2B94C614008BA1B2 /* Assets.xcassets */; };
		CBE716F62BCACE8400A516A6 /* LN002Screen.swift in Sources */ = {isa = PBXBuildFile; fileRef = CBE716F42BCACE8400A516A6 /* LN002Screen.swift */; };
		CBE716F72BCACE8400A516A6 /* LN002Screen.xib in Resources */ = {isa = PBXBuildFile; fileRef = CBE716F52BCACE8400A516A6 /* LN002Screen.xib */; };
/* End PBXBuildFile section */

/* Begin PBXFileReference section */
		4A5AD855A8112EF96C73F601 /* Pods_ToraOffical.framework */ = {isa = PBXFileReference; explicitFileType = wrapper.framework; includeInIndex = 0; path = Pods_ToraOffical.framework; sourceTree = BUILT_PRODUCTS_DIR; };
		CB2584072BA58A3800FF6DEC /* Localizable.strings */ = {isa = PBXFileReference; lastKnownFileType = text.plist.strings; path = Localizable.strings; sourceTree = "<group>"; };
		CB2584102BA58F7700FF6DEC /* LN000Screen.swift */ = {isa = PBXFileReference; lastKnownFileType = sourcecode.swift; path = LN000Screen.swift; sourceTree = "<group>"; };
		CB2584112BA58F7700FF6DEC /* LN000Screen.xib */ = {isa = PBXFileReference; lastKnownFileType = file.xib; path = LN000Screen.xib; sourceTree = "<group>"; };
		CB2584152BA58FAA00FF6DEC /* BK000Screen.swift */ = {isa = PBXFileReference; lastKnownFileType = sourcecode.swift; path = BK000Screen.swift; sourceTree = "<group>"; };
		CB2584162BA58FAA00FF6DEC /* BK000Screen.xib */ = {isa = PBXFileReference; lastKnownFileType = file.xib; path = BK000Screen.xib; sourceTree = "<group>"; };
		CB2584212BA5903F00FF6DEC /* HM000Screen.swift */ = {isa = PBXFileReference; lastKnownFileType = sourcecode.swift; path = HM000Screen.swift; sourceTree = "<group>"; };
		CB2584222BA5903F00FF6DEC /* HM000Screen.xib */ = {isa = PBXFileReference; lastKnownFileType = file.xib; path = HM000Screen.xib; sourceTree = "<group>"; };
		CB2584262BA5921500FF6DEC /* PR000Screen.swift */ = {isa = PBXFileReference; lastKnownFileType = sourcecode.swift; path = PR000Screen.swift; sourceTree = "<group>"; };
		CB2584272BA5921500FF6DEC /* PR000Screen.xib */ = {isa = PBXFileReference; lastKnownFileType = file.xib; path = PR000Screen.xib; sourceTree = "<group>"; };
		CB36BFE72B9C567400E63D38 /* SF-Pro-Rounded-Regular.ttf */ = {isa = PBXFileReference; lastKnownFileType = file; path = "SF-Pro-Rounded-Regular.ttf"; sourceTree = "<group>"; };
		CB36BFE82B9C567400E63D38 /* SF-Pro-Rounded-Semibold.ttf */ = {isa = PBXFileReference; lastKnownFileType = file; path = "SF-Pro-Rounded-Semibold.ttf"; sourceTree = "<group>"; };
		CB36BFE92B9C567500E63D38 /* SF-Pro-Rounded-Bold.ttf */ = {isa = PBXFileReference; lastKnownFileType = file; path = "SF-Pro-Rounded-Bold.ttf"; sourceTree = "<group>"; };
		CB36BFED2B9C9AFC00E63D38 /* OnboardingScreen.swift */ = {isa = PBXFileReference; lastKnownFileType = sourcecode.swift; path = OnboardingScreen.swift; sourceTree = "<group>"; };
		CB4239782BD26B3300601696 /* TableViewCourseCell.swift */ = {isa = PBXFileReference; lastKnownFileType = sourcecode.swift; path = TableViewCourseCell.swift; sourceTree = "<group>"; };
		CB4239792BD26B3300601696 /* TableViewCourseCell.xib */ = {isa = PBXFileReference; lastKnownFileType = file.xib; path = TableViewCourseCell.xib; sourceTree = "<group>"; };
		CB42397E2BD2A61100601696 /* kawaiLession1.mp4 */ = {isa = PBXFileReference; lastKnownFileType = file; path = kawaiLession1.mp4; sourceTree = "<group>"; };
		CB4239832BD2AA1100601696 /* lession1.pdf */ = {isa = PBXFileReference; lastKnownFileType = image.pdf; path = lession1.pdf; sourceTree = "<group>"; };
		CB4355162DD3A9ED00D78ADA /* MainTabBarViewController.swift */ = {isa = PBXFileReference; lastKnownFileType = sourcecode.swift; path = MainTabBarViewController.swift; sourceTree = "<group>"; };
		CB4355172DD3A9ED00D78ADA /* MainTabBarViewController.xib */ = {isa = PBXFileReference; lastKnownFileType = file.xib; path = MainTabBarViewController.xib; sourceTree = "<group>"; };
		CB4903052D99322900F1B432 /* HomeScreen.swift */ = {isa = PBXFileReference; lastKnownFileType = sourcecode.swift; path = HomeScreen.swift; sourceTree = "<group>"; };
		CB4903062D99322900F1B432 /* HomeScreen.xib */ = {isa = PBXFileReference; lastKnownFileType = file.xib; path = HomeScreen.xib; sourceTree = "<group>"; };
		CB4903092D99325700F1B432 /* HomeModel.swift */ = {isa = PBXFileReference; lastKnownFileType = sourcecode.swift; path = HomeModel.swift; sourceTree = "<group>"; };
		CB49030B2D99327700F1B432 /* HomePresenter.swift */ = {isa = PBXFileReference; lastKnownFileType = sourcecode.swift; path = HomePresenter.swift; sourceTree = "<group>"; };
		CB49030D2D99328700F1B432 /* HomeContract.swift */ = {isa = PBXFileReference; lastKnownFileType = sourcecode.swift; path = HomeContract.swift; sourceTree = "<group>"; };
		CB4B2DD12B94C613008BA1B2 /* ToraOffical.app */ = {isa = PBXFileReference; explicitFileType = wrapper.application; includeInIndex = 0; path = ToraOffical.app; sourceTree = BUILT_PRODUCTS_DIR; };
		CB4B2DD42B94C613008BA1B2 /* AppDelegate.swift */ = {isa = PBXFileReference; lastKnownFileType = sourcecode.swift; path = AppDelegate.swift; sourceTree = "<group>"; };
		CB4B2DD62B94C613008BA1B2 /* SceneDelegate.swift */ = {isa = PBXFileReference; lastKnownFileType = sourcecode.swift; path = SceneDelegate.swift; sourceTree = "<group>"; };
		CB4B2DD82B94C613008BA1B2 /* LoginScreen.swift */ = {isa = PBXFileReference; lastKnownFileType = sourcecode.swift; path = LoginScreen.swift; sourceTree = "<group>"; };
		CB4B2DDB2B94C613008BA1B2 /* Base */ = {isa = PBXFileReference; lastKnownFileType = file.storyboard; name = Base; path = Base.lproj/Main.storyboard; sourceTree = "<group>"; };
		CB4B2DDD2B94C614008BA1B2 /* Assets.xcassets */ = {isa = PBXFileReference; lastKnownFileType = folder.assetcatalog; path = Assets.xcassets; sourceTree = "<group>"; };
		CB4B2DE02B94C614008BA1B2 /* Base */ = {isa = PBXFileReference; lastKnownFileType = file.storyboard; name = Base; path = Base.lproj/LaunchScreen.storyboard; sourceTree = "<group>"; };
		CB4B2DE22B94C614008BA1B2 /* Info.plist */ = {isa = PBXFileReference; lastKnownFileType = text.plist.xml; path = Info.plist; sourceTree = "<group>"; };
		CB54F7052DB94078004FE153 /* Constant.swift */ = {isa = PBXFileReference; lastKnownFileType = sourcecode.swift; path = Constant.swift; sourceTree = "<group>"; };
		CB6CDC562BD0B0A500491B81 /* CourseCell.swift */ = {isa = PBXFileReference; lastKnownFileType = sourcecode.swift; path = CourseCell.swift; sourceTree = "<group>"; };
		CB6CDC572BD0B0A500491B81 /* CourseCell.xib */ = {isa = PBXFileReference; lastKnownFileType = file.xib; path = CourseCell.xib; sourceTree = "<group>"; };
		CB73EFCD2BBCC0180007A0EE /* CardView.swift */ = {isa = PBXFileReference; lastKnownFileType = sourcecode.swift; path = CardView.swift; sourceTree = "<group>"; };
		CB73EFCF2BBCC03A0007A0EE /* CardView.xib */ = {isa = PBXFileReference; lastKnownFileType = file.xib; path = CardView.xib; sourceTree = "<group>"; };
		CB73EFD12BBCC9310007A0EE /* ER000Screen.swift */ = {isa = PBXFileReference; lastKnownFileType = sourcecode.swift; path = ER000Screen.swift; sourceTree = "<group>"; };
		CB73EFD22BBCC9310007A0EE /* ER000Screen.xib */ = {isa = PBXFileReference; lastKnownFileType = file.xib; path = ER000Screen.xib; sourceTree = "<group>"; };
		CB9FD9D22BC93A34008CF4C5 /* LN001Screen.swift */ = {isa = PBXFileReference; lastKnownFileType = sourcecode.swift; path = LN001Screen.swift; sourceTree = "<group>"; };
		CB9FD9D32BC93A34008CF4C5 /* LN001Screen.xib */ = {isa = PBXFileReference; lastKnownFileType = file.xib; path = LN001Screen.xib; sourceTree = "<group>"; };
		CBA2642A2D7895EC0092C42F /* MenuTabBarView.swift */ = {isa = PBXFileReference; lastKnownFileType = sourcecode.swift; path = MenuTabBarView.swift; sourceTree = "<group>"; };
		CBA2642B2D7895EC0092C42F /* MenuTabBarView.xib */ = {isa = PBXFileReference; lastKnownFileType = file.xib; path = MenuTabBarView.xib; sourceTree = "<group>"; };
		CBA2642C2D7895EC0092C42F /* TabbarBackgroundView.swift */ = {isa = PBXFileReference; lastKnownFileType = sourcecode.swift; path = TabbarBackgroundView.swift; sourceTree = "<group>"; };
		CBA2642D2D7895EC0092C42F /* TabbarCell.swift */ = {isa = PBXFileReference; lastKnownFileType = sourcecode.swift; path = TabbarCell.swift; sourceTree = "<group>"; };
		CBA2642E2D7895EC0092C42F /* TabbarCell.xib */ = {isa = PBXFileReference; lastKnownFileType = file.xib; path = TabbarCell.xib; sourceTree = "<group>"; };
		CBA264312D7895EC0092C42F /* TabbarObject.swift */ = {isa = PBXFileReference; lastKnownFileType = sourcecode.swift; path = TabbarObject.swift; sourceTree = "<group>"; };
		CBA2643C2D7897A20092C42F /* BaseNibView.swift */ = {isa = PBXFileReference; lastKnownFileType = sourcecode.swift; path = BaseNibView.swift; sourceTree = "<group>"; };
		CBE27A072BC11BAC00FCE0EA /* UIViewExtension.swift */ = {isa = PBXFileReference; lastKnownFileType = sourcecode.swift; name = UIViewExtension.swift; path = ToraOffical/UIViewExtension.swift; sourceTree = SOURCE_ROOT; };
		CBE27A142BC23DCE00FCE0EA /* SuggestCell.swift */ = {isa = PBXFileReference; lastKnownFileType = sourcecode.swift; path = SuggestCell.swift; sourceTree = "<group>"; };
		CBE27A152BC23DCE00FCE0EA /* SuggestCell.xib */ = {isa = PBXFileReference; lastKnownFileType = file.xib; path = SuggestCell.xib; sourceTree = "<group>"; };
		CBE64AC82D998C5C00CE5225 /* SuggestView.swift */ = {isa = PBXFileReference; lastKnownFileType = sourcecode.swift; path = SuggestView.swift; sourceTree = "<group>"; };
		CBE64ACA2D998C9500CE5225 /* SuggestView.xib */ = {isa = PBXFileReference; lastKnownFileType = file.xib; path = SuggestView.xib; sourceTree = "<group>"; };
		CBE716EA2BC9493800A516A6 /* DetailView.swift */ = {isa = PBXFileReference; lastKnownFileType = sourcecode.swift; path = DetailView.swift; sourceTree = "<group>"; };
		CBE716EC2BC9494400A516A6 /* DetailView.xib */ = {isa = PBXFileReference; lastKnownFileType = file.xib; path = DetailView.xib; sourceTree = "<group>"; };
		CBE716F42BCACE8400A516A6 /* LN002Screen.swift */ = {isa = PBXFileReference; lastKnownFileType = sourcecode.swift; path = LN002Screen.swift; sourceTree = "<group>"; };
		CBE716F52BCACE8400A516A6 /* LN002Screen.xib */ = {isa = PBXFileReference; lastKnownFileType = file.xib; path = LN002Screen.xib; sourceTree = "<group>"; };
		F4AB2409855F840BF015EB48 /* Pods-ToraOffical.debug.xcconfig */ = {isa = PBXFileReference; includeInIndex = 1; lastKnownFileType = text.xcconfig; name = "Pods-ToraOffical.debug.xcconfig"; path = "Target Support Files/Pods-ToraOffical/Pods-ToraOffical.debug.xcconfig"; sourceTree = "<group>"; };
		FF4623BCD847D172B4296676 /* Pods-ToraOffical.release.xcconfig */ = {isa = PBXFileReference; includeInIndex = 1; lastKnownFileType = text.xcconfig; name = "Pods-ToraOffical.release.xcconfig"; path = "Target Support Files/Pods-ToraOffical/Pods-ToraOffical.release.xcconfig"; sourceTree = "<group>"; };
/* End PBXFileReference section */

/* Begin PBXFrameworksBuildPhase section */
		CB4B2DCE2B94C613008BA1B2 /* Frameworks */ = {
			isa = PBXFrameworksBuildPhase;
			buildActionMask = 2147483647;
			files = (
				5ABBCD4BBC6C7CA78E8FF66B /* Pods_ToraOffical.framework in Frameworks */,
			);
			runOnlyForDeploymentPostprocessing = 0;
		};
/* End PBXFrameworksBuildPhase section */

/* Begin PBXGroup section */
		01E07804A9B878D370A73EB1 /* Frameworks */ = {
			isa = PBXGroup;
			children = (
				4A5AD855A8112EF96C73F601 /* Pods_ToraOffical.framework */,
			);
			name = Frameworks;
			sourceTree = "<group>";
		};
		52E2838BB14ABEE1934D3AD2 /* Pods */ = {
			isa = PBXGroup;
			children = (
				F4AB2409855F840BF015EB48 /* Pods-ToraOffical.debug.xcconfig */,
				FF4623BCD847D172B4296676 /* Pods-ToraOffical.release.xcconfig */,
			);
			path = Pods;
			sourceTree = "<group>";
		};
		CB25840F2BA58F5400FF6DEC /* LN Screen */ = {
			isa = PBXGroup;
			children = (
				CB2584102BA58F7700FF6DEC /* LN000Screen.swift */,
				CB2584112BA58F7700FF6DEC /* LN000Screen.xib */,
				CB9FD9D22BC93A34008CF4C5 /* LN001Screen.swift */,
				CB9FD9D32BC93A34008CF4C5 /* LN001Screen.xib */,
				CBE716F42BCACE8400A516A6 /* LN002Screen.swift */,
				CBE716F52BCACE8400A516A6 /* LN002Screen.xib */,
				CBE716EF2BCA71B400A516A6 /* Cells */,
				CB9FD9CD2BC9383B008CF4C5 /* View */,
			);
			path = "LN Screen";
			sourceTree = "<group>";
		};
		CB2584142BA58F7E00FF6DEC /* BK Screen */ = {
			isa = PBXGroup;
			children = (
				CB2584152BA58FAA00FF6DEC /* BK000Screen.swift */,
				CB2584162BA58FAA00FF6DEC /* BK000Screen.xib */,
			);
			path = "BK Screen";
			sourceTree = "<group>";
		};
		CB2584202BA5902200FF6DEC /* HM Screen */ = {
			isa = PBXGroup;
			children = (
				CB4903062D99322900F1B432 /* HomeScreen.xib */,
				CB4903052D99322900F1B432 /* HomeScreen.swift */,
				CB49030D2D99328700F1B432 /* HomeContract.swift */,
				CB49030B2D99327700F1B432 /* HomePresenter.swift */,
				CB4903092D99325700F1B432 /* HomeModel.swift */,
				CB2584212BA5903F00FF6DEC /* HM000Screen.swift */,
				CB2584222BA5903F00FF6DEC /* HM000Screen.xib */,
				CBE27A112BC23D7800FCE0EA /* Cells */,
			);
			path = "HM Screen";
			sourceTree = "<group>";
		};
		CB2584252BA591F800FF6DEC /* PR Screen */ = {
			isa = PBXGroup;
			children = (
				CB2584262BA5921500FF6DEC /* PR000Screen.swift */,
				CB2584272BA5921500FF6DEC /* PR000Screen.xib */,
			);
			path = "PR Screen";
			sourceTree = "<group>";
		};
		CB2A57CD2D99264C007018EF /* Localization */ = {
			isa = PBXGroup;
			children = (
				CB2584072BA58A3800FF6DEC /* Localizable.strings */,
			);
			path = Localization;
			sourceTree = "<group>";
		};
		CB36BFE12B9C49F800E63D38 /* Extension */ = {
			isa = PBXGroup;
			children = (
				CBE27A072BC11BAC00FCE0EA /* UIViewExtension.swift */,
			);
			path = Extension;
			sourceTree = "<group>";
		};
		CB4239802BD2A9A400601696 /* Videos */ = {
			isa = PBXGroup;
			children = (
				CB42397E2BD2A61100601696 /* kawaiLession1.mp4 */,
			);
			path = Videos;
			sourceTree = "<group>";
		};
		CB4239822BD2A9F900601696 /* PDFs */ = {
			isa = PBXGroup;
			children = (
				CB4239832BD2AA1100601696 /* lession1.pdf */,
			);
			path = PDFs;
			sourceTree = "<group>";
		};
		CB4355152DD3A9DA00D78ADA /* MainTabBarViewController */ = {
			isa = PBXGroup;
			children = (
				CB4355162DD3A9ED00D78ADA /* MainTabBarViewController.swift */,
				CB4355172DD3A9ED00D78ADA /* MainTabBarViewController.xib */,
			);
			path = MainTabBarViewController;
			sourceTree = "<group>";
		};
		CB4B2DC82B94C613008BA1B2 = {
			isa = PBXGroup;
			children = (
				CB4B2DD32B94C613008BA1B2 /* ToraOffical */,
				CB4B2DD22B94C613008BA1B2 /* Products */,
				52E2838BB14ABEE1934D3AD2 /* Pods */,
				01E07804A9B878D370A73EB1 /* Frameworks */,
			);
			sourceTree = "<group>";
		};
		CB4B2DD22B94C613008BA1B2 /* Products */ = {
			isa = PBXGroup;
			children = (
				CB4B2DD12B94C613008BA1B2 /* ToraOffical.app */,
			);
			name = Products;
			sourceTree = "<group>";
		};
		CB4B2DD32B94C613008BA1B2 /* ToraOffical */ = {
			isa = PBXGroup;
			children = (
				CB4B2DDA2B94C613008BA1B2 /* Main.storyboard */,
				CB4B2DD42B94C613008BA1B2 /* AppDelegate.swift */,
				CB4B2DD62B94C613008BA1B2 /* SceneDelegate.swift */,
				CB4B2DD82B94C613008BA1B2 /* LoginScreen.swift */,
				CB36BFED2B9C9AFC00E63D38 /* OnboardingScreen.swift */,
				CB2A57CD2D99264C007018EF /* Localization */,
				CBA2643B2D7897890092C42F /* Base */,
				CBA264322D7895EC0092C42F /* MenuTabBarView */,
				CB2584202BA5902200FF6DEC /* HM Screen */,
				CB25840F2BA58F5400FF6DEC /* LN Screen */,
				CB2584142BA58F7E00FF6DEC /* BK Screen */,
				CB2584252BA591F800FF6DEC /* PR Screen */,
				CB73EFD52BBCC9400007A0EE /* ER Screen */,
				CB36BFE12B9C49F800E63D38 /* Extension */,
				CBCE2C032B9C1E6100D4E274 /* Font */,
				CB4239802BD2A9A400601696 /* Videos */,
				CB4239822BD2A9F900601696 /* PDFs */,
				CB4B2DDD2B94C614008BA1B2 /* Assets.xcassets */,
				CB4B2DDF2B94C614008BA1B2 /* LaunchScreen.storyboard */,
				CB4B2DE22B94C614008BA1B2 /* Info.plist */,
			);
			path = ToraOffical;
			sourceTree = "<group>";
		};
		CB73EFD52BBCC9400007A0EE /* ER Screen */ = {
			isa = PBXGroup;
			children = (
				CB73EFD12BBCC9310007A0EE /* ER000Screen.swift */,
				CB73EFD22BBCC9310007A0EE /* ER000Screen.xib */,
			);
			path = "ER Screen";
			sourceTree = "<group>";
		};
		CB9FD9CD2BC9383B008CF4C5 /* View */ = {
			isa = PBXGroup;
			children = (
				CB73EFCD2BBCC0180007A0EE /* CardView.swift */,
				CB73EFCF2BBCC03A0007A0EE /* CardView.xib */,
				CBE716EA2BC9493800A516A6 /* DetailView.swift */,
				CBE716EC2BC9494400A516A6 /* DetailView.xib */,
			);
			path = View;
			sourceTree = "<group>";
		};
		CBA264322D7895EC0092C42F /* MenuTabBarView */ = {
			isa = PBXGroup;
			children = (
				CB4355152DD3A9DA00D78ADA /* MainTabBarViewController */,
				CBA2642A2D7895EC0092C42F /* MenuTabBarView.swift */,
				CBA2642B2D7895EC0092C42F /* MenuTabBarView.xib */,
				CBA2642C2D7895EC0092C42F /* TabbarBackgroundView.swift */,
				CBA2642D2D7895EC0092C42F /* TabbarCell.swift */,
				CBA2642E2D7895EC0092C42F /* TabbarCell.xib */,
				CBA264312D7895EC0092C42F /* TabbarObject.swift */,
			);
			path = MenuTabBarView;
			sourceTree = "<group>";
		};
		CBA2643B2D7897890092C42F /* Base */ = {
			isa = PBXGroup;
			children = (
				CB54F7052DB94078004FE153 /* Constant.swift */,
				CBA2643C2D7897A20092C42F /* BaseNibView.swift */,
			);
			path = Base;
			sourceTree = "<group>";
		};
		CBCE2C032B9C1E6100D4E274 /* Font */ = {
			isa = PBXGroup;
			children = (
				CB36BFE92B9C567500E63D38 /* SF-Pro-Rounded-Bold.ttf */,
				CB36BFE72B9C567400E63D38 /* SF-Pro-Rounded-Regular.ttf */,
				CB36BFE82B9C567400E63D38 /* SF-Pro-Rounded-Semibold.ttf */,
			);
			path = Font;
			sourceTree = "<group>";
		};
		CBE27A112BC23D7800FCE0EA /* Cells */ = {
			isa = PBXGroup;
			children = (
				CBE27A132BC23D8D00FCE0EA /* Views */,
				CBE27A142BC23DCE00FCE0EA /* SuggestCell.swift */,
				CBE27A152BC23DCE00FCE0EA /* SuggestCell.xib */,
			);
			path = Cells;
			sourceTree = "<group>";
		};
		CBE27A132BC23D8D00FCE0EA /* Views */ = {
			isa = PBXGroup;
			children = (
				CBE64AC82D998C5C00CE5225 /* SuggestView.swift */,
				CBE64ACA2D998C9500CE5225 /* SuggestView.xib */,
			);
			path = Views;
			sourceTree = "<group>";
		};
		CBE716EF2BCA71B400A516A6 /* Cells */ = {
			isa = PBXGroup;
			children = (
				CB6CDC562BD0B0A500491B81 /* CourseCell.swift */,
				CB6CDC572BD0B0A500491B81 /* CourseCell.xib */,
				CB4239782BD26B3300601696 /* TableViewCourseCell.swift */,
				CB4239792BD26B3300601696 /* TableViewCourseCell.xib */,
			);
			path = Cells;
			sourceTree = "<group>";
		};
/* End PBXGroup section */

/* Begin PBXNativeTarget section */
		CB4B2DD02B94C613008BA1B2 /* ToraOffical */ = {
			isa = PBXNativeTarget;
			buildConfigurationList = CB4B2DE52B94C614008BA1B2 /* Build configuration list for PBXNativeTarget "ToraOffical" */;
			buildPhases = (
				459F056CAE3FDCD3FE198359 /* [CP] Check Pods Manifest.lock */,
				CB4B2DCD2B94C613008BA1B2 /* Sources */,
				CB4B2DCE2B94C613008BA1B2 /* Frameworks */,
				CB4B2DCF2B94C613008BA1B2 /* Resources */,
				3AAFE209BFD8E51E0881267A /* [CP] Embed Pods Frameworks */,
			);
			buildRules = (
			);
			dependencies = (
			);
			name = ToraOffical;
			productName = ToraOffical;
			productReference = CB4B2DD12B94C613008BA1B2 /* ToraOffical.app */;
			productType = "com.apple.product-type.application";
		};
/* End PBXNativeTarget section */

/* Begin PBXProject section */
		CB4B2DC92B94C613008BA1B2 /* Project object */ = {
			isa = PBXProject;
			attributes = {
				BuildIndependentTargetsInParallel = 1;
				LastSwiftUpdateCheck = 1430;
				LastUpgradeCheck = 1430;
				TargetAttributes = {
					CB4B2DD02B94C613008BA1B2 = {
						CreatedOnToolsVersion = 14.3.1;
					};
				};
			};
			buildConfigurationList = CB4B2DCC2B94C613008BA1B2 /* Build configuration list for PBXProject "ToraOffical" */;
			compatibilityVersion = "Xcode 14.0";
			developmentRegion = en;
			hasScannedForEncodings = 0;
			knownRegions = (
				en,
				Base,
			);
			mainGroup = CB4B2DC82B94C613008BA1B2;
			productRefGroup = CB4B2DD22B94C613008BA1B2 /* Products */;
			projectDirPath = "";
			projectRoot = "";
			targets = (
				CB4B2DD02B94C613008BA1B2 /* ToraOffical */,
			);
		};
/* End PBXProject section */

/* Begin PBXResourcesBuildPhase section */
		CB4B2DCF2B94C613008BA1B2 /* Resources */ = {
			isa = PBXResourcesBuildPhase;
			buildActionMask = 2147483647;
			files = (
				CB42397F2BD2A61100601696 /* kawaiLession1.mp4 in Resources */,
				CB36BFEC2B9C567500E63D38 /* SF-Pro-Rounded-Bold.ttf in Resources */,
				CB9FD9D52BC93A34008CF4C5 /* LN001Screen.xib in Resources */,
				CBE716EE2BC96E7B00A516A6 /* Assets.xcassets in Resources */,
				CB4B2DE12B94C614008BA1B2 /* LaunchScreen.storyboard in Resources */,
				CBE716ED2BC9494400A516A6 /* DetailView.xib in Resources */,
				CBE27A172BC23DCE00FCE0EA /* SuggestCell.xib in Resources */,
				CB73EFD02BBCC03A0007A0EE /* CardView.xib in Resources */,
				CB6CDC592BD0B0A500491B81 /* CourseCell.xib in Resources */,
				CB73EFD42BBCC9310007A0EE /* ER000Screen.xib in Resources */,
				CB2584082BA58A3800FF6DEC /* Localizable.strings in Resources */,
				CB4355192DD3A9ED00D78ADA /* MainTabBarViewController.xib in Resources */,
				CBE64ACB2D998C9500CE5225 /* SuggestView.xib in Resources */,
				CB36BFEA2B9C567500E63D38 /* SF-Pro-Rounded-Regular.ttf in Resources */,
				CB2584132BA58F7700FF6DEC /* LN000Screen.xib in Resources */,
				CB4B2DDC2B94C613008BA1B2 /* Main.storyboard in Resources */,
				CBE716F72BCACE8400A516A6 /* LN002Screen.xib in Resources */,
				CB2584182BA58FAA00FF6DEC /* BK000Screen.xib in Resources */,
				CBA264332D7895EC0092C42F /* TabbarCell.xib in Resources */,
				CBA264352D7895EC0092C42F /* MenuTabBarView.xib in Resources */,
				CB4903072D99322900F1B432 /* HomeScreen.xib in Resources */,
				CB2584242BA5903F00FF6DEC /* HM000Screen.xib in Resources */,
				CB36BFEB2B9C567500E63D38 /* SF-Pro-Rounded-Semibold.ttf in Resources */,
				CB4239842BD2AA1100601696 /* lession1.pdf in Resources */,
				CB42397B2BD26B3300601696 /* TableViewCourseCell.xib in Resources */,
				CB2584292BA5921500FF6DEC /* PR000Screen.xib in Resources */,
			);
			runOnlyForDeploymentPostprocessing = 0;
		};
/* End PBXResourcesBuildPhase section */

/* Begin PBXShellScriptBuildPhase section */
		3AAFE209BFD8E51E0881267A /* [CP] Embed Pods Frameworks */ = {
			isa = PBXShellScriptBuildPhase;
			buildActionMask = 2147483647;
			files = (
			);
			inputFileListPaths = (
				"${PODS_ROOT}/Target Support Files/Pods-ToraOffical/Pods-ToraOffical-frameworks-${CONFIGURATION}-input-files.xcfilelist",
			);
			name = "[CP] Embed Pods Frameworks";
			outputFileListPaths = (
				"${PODS_ROOT}/Target Support Files/Pods-ToraOffical/Pods-ToraOffical-frameworks-${CONFIGURATION}-output-files.xcfilelist",
			);
			runOnlyForDeploymentPostprocessing = 0;
			shellPath = /bin/sh;
			shellScript = "\"${PODS_ROOT}/Target Support Files/Pods-ToraOffical/Pods-ToraOffical-frameworks.sh\"\n";
			showEnvVarsInLog = 0;
		};
		459F056CAE3FDCD3FE198359 /* [CP] Check Pods Manifest.lock */ = {
			isa = PBXShellScriptBuildPhase;
			buildActionMask = 2147483647;
			files = (
			);
			inputFileListPaths = (
			);
			inputPaths = (
				"${PODS_PODFILE_DIR_PATH}/Podfile.lock",
				"${PODS_ROOT}/Manifest.lock",
			);
			name = "[CP] Check Pods Manifest.lock";
			outputFileListPaths = (
			);
			outputPaths = (
				"$(DERIVED_FILE_DIR)/Pods-ToraOffical-checkManifestLockResult.txt",
			);
			runOnlyForDeploymentPostprocessing = 0;
			shellPath = /bin/sh;
			shellScript = "diff \"${PODS_PODFILE_DIR_PATH}/Podfile.lock\" \"${PODS_ROOT}/Manifest.lock\" > /dev/null\nif [ $? != 0 ] ; then\n    # print error to STDERR\n    echo \"error: The sandbox is not in sync with the Podfile.lock. Run 'pod install' or update your CocoaPods installation.\" >&2\n    exit 1\nfi\n# This output is used by Xcode 'outputs' to avoid re-running this script phase.\necho \"SUCCESS\" > \"${SCRIPT_OUTPUT_FILE_0}\"\n";
			showEnvVarsInLog = 0;
		};
/* End PBXShellScriptBuildPhase section */

/* Begin PBXSourcesBuildPhase section */
		CB4B2DCD2B94C613008BA1B2 /* Sources */ = {
			isa = PBXSourcesBuildPhase;
			buildActionMask = 2147483647;
			files = (
				CBA264362D7895EC0092C42F /* TabbarBackgroundView.swift in Sources */,
				CBA264372D7895EC0092C42F /* TabbarCell.swift in Sources */,
				CB4355182DD3A9ED00D78ADA /* MainTabBarViewController.swift in Sources */,
				CB49030A2D99326E00F1B432 /* HomeModel.swift in Sources */,
				CB49030C2D99328200F1B432 /* HomePresenter.swift in Sources */,
				CBA264382D7895EC0092C42F /* TabbarObject.swift in Sources */,
				CBA2643A2D7895EC0092C42F /* MenuTabBarView.swift in Sources */,
				CB36BFEE2B9C9AFC00E63D38 /* OnboardingScreen.swift in Sources */,
				CB4B2DD92B94C613008BA1B2 /* LoginScreen.swift in Sources */,
				CB6CDC582BD0B0A500491B81 /* CourseCell.swift in Sources */,
				CB49030E2D99329500F1B432 /* HomeContract.swift in Sources */,
				CB73EFD32BBCC9310007A0EE /* ER000Screen.swift in Sources */,
				CBE27A162BC23DCE00FCE0EA /* SuggestCell.swift in Sources */,
				CB2584122BA58F7700FF6DEC /* LN000Screen.swift in Sources */,
				CBE27A082BC11BAC00FCE0EA /* UIViewExtension.swift in Sources */,
				CB2584282BA5921500FF6DEC /* PR000Screen.swift in Sources */,
				CBE716F62BCACE8400A516A6 /* LN002Screen.swift in Sources */,
				CBA2643D2D7897A20092C42F /* BaseNibView.swift in Sources */,
				CBE64AC92D998C5C00CE5225 /* SuggestView.swift in Sources */,
				CB54F7062DB94078004FE153 /* Constant.swift in Sources */,
				CB42397A2BD26B3300601696 /* TableViewCourseCell.swift in Sources */,
				CB4903082D99322900F1B432 /* HomeScreen.swift in Sources */,
				CB2584232BA5903F00FF6DEC /* HM000Screen.swift in Sources */,
				CB4B2DD52B94C613008BA1B2 /* AppDelegate.swift in Sources */,
				CB2584172BA58FAA00FF6DEC /* BK000Screen.swift in Sources */,
				CB9FD9D42BC93A34008CF4C5 /* LN001Screen.swift in Sources */,
				CBE716EB2BC9493800A516A6 /* DetailView.swift in Sources */,
				CB4B2DD72B94C613008BA1B2 /* SceneDelegate.swift in Sources */,
				CB73EFCE2BBCC0180007A0EE /* CardView.swift in Sources */,
			);
			runOnlyForDeploymentPostprocessing = 0;
		};
/* End PBXSourcesBuildPhase section */

/* Begin PBXVariantGroup section */
		CB4B2DDA2B94C613008BA1B2 /* Main.storyboard */ = {
			isa = PBXVariantGroup;
			children = (
				CB4B2DDB2B94C613008BA1B2 /* Base */,
			);
			name = Main.storyboard;
			sourceTree = "<group>";
		};
		CB4B2DDF2B94C614008BA1B2 /* LaunchScreen.storyboard */ = {
			isa = PBXVariantGroup;
			children = (
				CB4B2DE02B94C614008BA1B2 /* Base */,
			);
			name = LaunchScreen.storyboard;
			sourceTree = "<group>";
		};
/* End PBXVariantGroup section */

/* Begin XCBuildConfiguration section */
		CB4B2DE32B94C614008BA1B2 /* Debug */ = {
			isa = XCBuildConfiguration;
			buildSettings = {
				ALWAYS_SEARCH_USER_PATHS = NO;
				CLANG_ANALYZER_NONNULL = YES;
				CLANG_ANALYZER_NUMBER_OBJECT_CONVERSION = YES_AGGRESSIVE;
				CLANG_CXX_LANGUAGE_STANDARD = "gnu++20";
				CLANG_ENABLE_MODULES = YES;
				CLANG_ENABLE_OBJC_ARC = YES;
				CLANG_ENABLE_OBJC_WEAK = YES;
				CLANG_WARN_BLOCK_CAPTURE_AUTORELEASING = YES;
				CLANG_WARN_BOOL_CONVERSION = YES;
				CLANG_WARN_COMMA = YES;
				CLANG_WARN_CONSTANT_CONVERSION = YES;
				CLANG_WARN_DEPRECATED_OBJC_IMPLEMENTATIONS = YES;
				CLANG_WARN_DIRECT_OBJC_ISA_USAGE = YES_ERROR;
				CLANG_WARN_DOCUMENTATION_COMMENTS = YES;
				CLANG_WARN_EMPTY_BODY = YES;
				CLANG_WARN_ENUM_CONVERSION = YES;
				CLANG_WARN_INFINITE_RECURSION = YES;
				CLANG_WARN_INT_CONVERSION = YES;
				CLANG_WARN_NON_LITERAL_NULL_CONVERSION = YES;
				CLANG_WARN_OBJC_IMPLICIT_RETAIN_SELF = YES;
				CLANG_WARN_OBJC_LITERAL_CONVERSION = YES;
				CLANG_WARN_OBJC_ROOT_CLASS = YES_ERROR;
				CLANG_WARN_QUOTED_INCLUDE_IN_FRAMEWORK_HEADER = YES;
				CLANG_WARN_RANGE_LOOP_ANALYSIS = YES;
				CLANG_WARN_STRICT_PROTOTYPES = YES;
				CLANG_WARN_SUSPICIOUS_MOVE = YES;
				CLANG_WARN_UNGUARDED_AVAILABILITY = YES_AGGRESSIVE;
				CLANG_WARN_UNREACHABLE_CODE = YES;
				CLANG_WARN__DUPLICATE_METHOD_MATCH = YES;
				COPY_PHASE_STRIP = NO;
				DEBUG_INFORMATION_FORMAT = dwarf;
				ENABLE_STRICT_OBJC_MSGSEND = YES;
				ENABLE_TESTABILITY = YES;
				GCC_C_LANGUAGE_STANDARD = gnu11;
				GCC_DYNAMIC_NO_PIC = NO;
				GCC_NO_COMMON_BLOCKS = YES;
				GCC_OPTIMIZATION_LEVEL = 0;
				GCC_PREPROCESSOR_DEFINITIONS = (
					"DEBUG=1",
					"$(inherited)",
				);
				GCC_WARN_64_TO_32_BIT_CONVERSION = YES;
				GCC_WARN_ABOUT_RETURN_TYPE = YES_ERROR;
				GCC_WARN_UNDECLARED_SELECTOR = YES;
				GCC_WARN_UNINITIALIZED_AUTOS = YES_AGGRESSIVE;
				GCC_WARN_UNUSED_FUNCTION = YES;
				GCC_WARN_UNUSED_VARIABLE = YES;
				IPHONEOS_DEPLOYMENT_TARGET = 16.4;
				MTL_ENABLE_DEBUG_INFO = INCLUDE_SOURCE;
				MTL_FAST_MATH = YES;
				ONLY_ACTIVE_ARCH = YES;
				SDKROOT = iphoneos;
				SWIFT_ACTIVE_COMPILATION_CONDITIONS = DEBUG;
				SWIFT_OPTIMIZATION_LEVEL = "-Onone";
			};
			name = Debug;
		};
		CB4B2DE42B94C614008BA1B2 /* Release */ = {
			isa = XCBuildConfiguration;
			buildSettings = {
				ALWAYS_SEARCH_USER_PATHS = NO;
				CLANG_ANALYZER_NONNULL = YES;
				CLANG_ANALYZER_NUMBER_OBJECT_CONVERSION = YES_AGGRESSIVE;
				CLANG_CXX_LANGUAGE_STANDARD = "gnu++20";
				CLANG_ENABLE_MODULES = YES;
				CLANG_ENABLE_OBJC_ARC = YES;
				CLANG_ENABLE_OBJC_WEAK = YES;
				CLANG_WARN_BLOCK_CAPTURE_AUTORELEASING = YES;
				CLANG_WARN_BOOL_CONVERSION = YES;
				CLANG_WARN_COMMA = YES;
				CLANG_WARN_CONSTANT_CONVERSION = YES;
				CLANG_WARN_DEPRECATED_OBJC_IMPLEMENTATIONS = YES;
				CLANG_WARN_DIRECT_OBJC_ISA_USAGE = YES_ERROR;
				CLANG_WARN_DOCUMENTATION_COMMENTS = YES;
				CLANG_WARN_EMPTY_BODY = YES;
				CLANG_WARN_ENUM_CONVERSION = YES;
				CLANG_WARN_INFINITE_RECURSION = YES;
				CLANG_WARN_INT_CONVERSION = YES;
				CLANG_WARN_NON_LITERAL_NULL_CONVERSION = YES;
				CLANG_WARN_OBJC_IMPLICIT_RETAIN_SELF = YES;
				CLANG_WARN_OBJC_LITERAL_CONVERSION = YES;
				CLANG_WARN_OBJC_ROOT_CLASS = YES_ERROR;
				CLANG_WARN_QUOTED_INCLUDE_IN_FRAMEWORK_HEADER = YES;
				CLANG_WARN_RANGE_LOOP_ANALYSIS = YES;
				CLANG_WARN_STRICT_PROTOTYPES = YES;
				CLANG_WARN_SUSPICIOUS_MOVE = YES;
				CLANG_WARN_UNGUARDED_AVAILABILITY = YES_AGGRESSIVE;
				CLANG_WARN_UNREACHABLE_CODE = YES;
				CLANG_WARN__DUPLICATE_METHOD_MATCH = YES;
				COPY_PHASE_STRIP = NO;
				DEBUG_INFORMATION_FORMAT = "dwarf-with-dsym";
				ENABLE_NS_ASSERTIONS = NO;
				ENABLE_STRICT_OBJC_MSGSEND = YES;
				GCC_C_LANGUAGE_STANDARD = gnu11;
				GCC_NO_COMMON_BLOCKS = YES;
				GCC_WARN_64_TO_32_BIT_CONVERSION = YES;
				GCC_WARN_ABOUT_RETURN_TYPE = YES_ERROR;
				GCC_WARN_UNDECLARED_SELECTOR = YES;
				GCC_WARN_UNINITIALIZED_AUTOS = YES_AGGRESSIVE;
				GCC_WARN_UNUSED_FUNCTION = YES;
				GCC_WARN_UNUSED_VARIABLE = YES;
				IPHONEOS_DEPLOYMENT_TARGET = 16.4;
				MTL_ENABLE_DEBUG_INFO = NO;
				MTL_FAST_MATH = YES;
				SDKROOT = iphoneos;
				SWIFT_COMPILATION_MODE = wholemodule;
				SWIFT_OPTIMIZATION_LEVEL = "-O";
				VALIDATE_PRODUCT = YES;
			};
			name = Release;
		};
		CB4B2DE62B94C614008BA1B2 /* Debug */ = {
			isa = XCBuildConfiguration;
			baseConfigurationReference = F4AB2409855F840BF015EB48 /* Pods-ToraOffical.debug.xcconfig */;
			buildSettings = {
				ASSETCATALOG_COMPILER_APPICON_NAME = AppIcon;
				ASSETCATALOG_COMPILER_GLOBAL_ACCENT_COLOR_NAME = AccentColor;
				CODE_SIGN_STYLE = Automatic;
				CURRENT_PROJECT_VERSION = 1;
				DEVELOPMENT_TEAM = Z2MKY57W8L;
				GENERATE_INFOPLIST_FILE = YES;
				INFOPLIST_FILE = ToraOffical/Info.plist;
				INFOPLIST_KEY_CFBundleDisplayName = "Tora Tiếng Nhật";
				INFOPLIST_KEY_LSApplicationCategoryType = "";
				INFOPLIST_KEY_UIApplicationSupportsIndirectInputEvents = YES;
				INFOPLIST_KEY_UILaunchStoryboardName = LaunchScreen;
				INFOPLIST_KEY_UIMainStoryboardFile = Main;
				INFOPLIST_KEY_UISupportedInterfaceOrientations_iPad = "UIInterfaceOrientationPortrait UIInterfaceOrientationPortraitUpsideDown UIInterfaceOrientationLandscapeLeft UIInterfaceOrientationLandscapeRight";
				INFOPLIST_KEY_UISupportedInterfaceOrientations_iPhone = "UIInterfaceOrientationPortrait UIInterfaceOrientationLandscapeLeft UIInterfaceOrientationLandscapeRight";
				LD_RUNPATH_SEARCH_PATHS = (
					"$(inherited)",
					"@executable_path/Frameworks",
				);
				MARKETING_VERSION = 1.0;
				PRODUCT_BUNDLE_IDENTIFIER = com.Tora.ToraOffical;
				PRODUCT_NAME = "$(TARGET_NAME)";
				SWIFT_EMIT_LOC_STRINGS = YES;
				SWIFT_VERSION = 5.0;
				TARGETED_DEVICE_FAMILY = "1,2";
			};
			name = Debug;
		};
		CB4B2DE72B94C614008BA1B2 /* Release */ = {
			isa = XCBuildConfiguration;
			baseConfigurationReference = FF4623BCD847D172B4296676 /* Pods-ToraOffical.release.xcconfig */;
			buildSettings = {
				ASSETCATALOG_COMPILER_APPICON_NAME = AppIcon;
				ASSETCATALOG_COMPILER_GLOBAL_ACCENT_COLOR_NAME = AccentColor;
				CODE_SIGN_STYLE = Automatic;
				CURRENT_PROJECT_VERSION = 1;
				DEVELOPMENT_TEAM = Z2MKY57W8L;
				GENERATE_INFOPLIST_FILE = YES;
				INFOPLIST_FILE = ToraOffical/Info.plist;
				INFOPLIST_KEY_CFBundleDisplayName = "Tora Tiếng Nhật";
				INFOPLIST_KEY_LSApplicationCategoryType = "";
				INFOPLIST_KEY_UIApplicationSupportsIndirectInputEvents = YES;
				INFOPLIST_KEY_UILaunchStoryboardName = LaunchScreen;
				INFOPLIST_KEY_UIMainStoryboardFile = Main;
				INFOPLIST_KEY_UISupportedInterfaceOrientations_iPad = "UIInterfaceOrientationPortrait UIInterfaceOrientationPortraitUpsideDown UIInterfaceOrientationLandscapeLeft UIInterfaceOrientationLandscapeRight";
				INFOPLIST_KEY_UISupportedInterfaceOrientations_iPhone = "UIInterfaceOrientationPortrait UIInterfaceOrientationLandscapeLeft UIInterfaceOrientationLandscapeRight";
				LD_RUNPATH_SEARCH_PATHS = (
					"$(inherited)",
					"@executable_path/Frameworks",
				);
				MARKETING_VERSION = 1.0;
				PRODUCT_BUNDLE_IDENTIFIER = com.Tora.ToraOffical;
				PRODUCT_NAME = "$(TARGET_NAME)";
				SWIFT_EMIT_LOC_STRINGS = YES;
				SWIFT_VERSION = 5.0;
				TARGETED_DEVICE_FAMILY = "1,2";
			};
			name = Release;
		};
/* End XCBuildConfiguration section */

/* Begin XCConfigurationList section */
		CB4B2DCC2B94C613008BA1B2 /* Build configuration list for PBXProject "ToraOffical" */ = {
			isa = XCConfigurationList;
			buildConfigurations = (
				CB4B2DE32B94C614008BA1B2 /* Debug */,
				CB4B2DE42B94C614008BA1B2 /* Release */,
			);
			defaultConfigurationIsVisible = 0;
			defaultConfigurationName = Release;
		};
		CB4B2DE52B94C614008BA1B2 /* Build configuration list for PBXNativeTarget "ToraOffical" */ = {
			isa = XCConfigurationList;
			buildConfigurations = (
				CB4B2DE62B94C614008BA1B2 /* Debug */,
				CB4B2DE72B94C614008BA1B2 /* Release */,
			);
			defaultConfigurationIsVisible = 0;
			defaultConfigurationName = Release;
		};
/* End XCConfigurationList section */
	};
	rootObject = CB4B2DC92B94C613008BA1B2 /* Project object */;
}
