// !$*UTF8*$!
{
	archiveVersion = 1;
	classes = {
	};
	objectVersion = 56;
	objects = {

/* Begin PBXBuildFile section */
		5ABBCD4BBC6C7CA78E8FF66B /* Pods_ToraOffical.framework in Frameworks */ = {isa = PBXBuildFile; fileRef = 4A5AD855A8112EF96C73F601 /* Pods_ToraOffical.framework */; };
		CB2584082BA58A3800FF6DEC /* Localizable.strings in Resources */ = {isa = PBXBuildFile; fileRef = CB2584072BA58A3800FF6DEC /* Localizable.strings */; };
		CB2584122BA58F7700FF6DEC /* LearnScreen.swift in Sources */ = {isa = PBXBuildFile; fileRef = CB2584102BA58F7700FF6DEC /* LearnScreen.swift */; };
		CB2584132BA58F7700FF6DEC /* LearnScreen.xib in Resources */ = {isa = PBXBuildFile; fileRef = CB2584112BA58F7700FF6DEC /* LearnScreen.xib */; };
		CB2584172BA58FAA00FF6DEC /* BookScreen.swift in Sources */ = {isa = PBXBuildFile; fileRef = CB2584152BA58FAA00FF6DEC /* BookScreen.swift */; };
		CB2584182BA58FAA00FF6DEC /* BookScreen.xib in Resources */ = {isa = PBXBuildFile; fileRef = CB2584162BA58FAA00FF6DEC /* BookScreen.xib */; };
		CB2584232BA5903F00FF6DEC /* HomeScreen.swift in Sources */ = {isa = PBXBuildFile; fileRef = CB2584212BA5903F00FF6DEC /* HomeScreen.swift */; };
		CB2584242BA5903F00FF6DEC /* HomeScreen.xib in Resources */ = {isa = PBXBuildFile; fileRef = CB2584222BA5903F00FF6DEC /* HomeScreen.xib */; };
		CB2584282BA5921500FF6DEC /* ProfileScreen.swift in Sources */ = {isa = PBXBuildFile; fileRef = CB2584262BA5921500FF6DEC /* ProfileScreen.swift */; };
		CB2584292BA5921500FF6DEC /* ProfileScreen.xib in Resources */ = {isa = PBXBuildFile; fileRef = CB2584272BA5921500FF6DEC /* ProfileScreen.xib */; };
		CB36BFEA2B9C567500E63D38 /* SF-Pro-Rounded-Regular.ttf in Resources */ = {isa = PBXBuildFile; fileRef = CB36BFE72B9C567400E63D38 /* SF-Pro-Rounded-Regular.ttf */; };
		CB36BFEB2B9C567500E63D38 /* SF-Pro-Rounded-Semibold.ttf in Resources */ = {isa = PBXBuildFile; fileRef = CB36BFE82B9C567400E63D38 /* SF-Pro-Rounded-Semibold.ttf */; };
		CB36BFEC2B9C567500E63D38 /* SF-Pro-Rounded-Bold.ttf in Resources */ = {isa = PBXBuildFile; fileRef = CB36BFE92B9C567500E63D38 /* SF-Pro-Rounded-Bold.ttf */; };
		CB36BFEE2B9C9AFC00E63D38 /* OnboardingScreen.swift in Sources */ = {isa = PBXBuildFile; fileRef = CB36BFED2B9C9AFC00E63D38 /* OnboardingScreen.swift */; };
		CB4B2DD52B94C613008BA1B2 /* AppDelegate.swift in Sources */ = {isa = PBXBuildFile; fileRef = CB4B2DD42B94C613008BA1B2 /* AppDelegate.swift */; };
		CB4B2DD72B94C613008BA1B2 /* SceneDelegate.swift in Sources */ = {isa = PBXBuildFile; fileRef = CB4B2DD62B94C613008BA1B2 /* SceneDelegate.swift */; };
		CB4B2DD92B94C613008BA1B2 /* LoginScreen.swift in Sources */ = {isa = PBXBuildFile; fileRef = CB4B2DD82B94C613008BA1B2 /* LoginScreen.swift */; };
		CB4B2DDC2B94C613008BA1B2 /* Main.storyboard in Resources */ = {isa = PBXBuildFile; fileRef = CB4B2DDA2B94C613008BA1B2 /* Main.storyboard */; };
		CB4B2DDE2B94C614008BA1B2 /* Assets.xcassets in Resources */ = {isa = PBXBuildFile; fileRef = CB4B2DDD2B94C614008BA1B2 /* Assets.xcassets */; };
		CB4B2DE12B94C614008BA1B2 /* LaunchScreen.storyboard in Resources */ = {isa = PBXBuildFile; fileRef = CB4B2DDF2B94C614008BA1B2 /* LaunchScreen.storyboard */; };
		CB73EFCC2BBC47940007A0EE /* ExampleBasicContentView.swift in Sources */ = {isa = PBXBuildFile; fileRef = CB73EFCB2BBC47940007A0EE /* ExampleBasicContentView.swift */; };
		CB73EFCE2BBCC0180007A0EE /* CardView.swift in Sources */ = {isa = PBXBuildFile; fileRef = CB73EFCD2BBCC0180007A0EE /* CardView.swift */; };
		CB73EFD02BBCC03A0007A0EE /* CardView.xib in Resources */ = {isa = PBXBuildFile; fileRef = CB73EFCF2BBCC03A0007A0EE /* CardView.xib */; };
		CB73EFD32BBCC9310007A0EE /* ErrorScreen.swift in Sources */ = {isa = PBXBuildFile; fileRef = CB73EFD12BBCC9310007A0EE /* ErrorScreen.swift */; };
		CB73EFD42BBCC9310007A0EE /* ErrorScreen.xib in Resources */ = {isa = PBXBuildFile; fileRef = CB73EFD22BBCC9310007A0EE /* ErrorScreen.xib */; };
		CB955CB12BBB6C1F00587035 /* ExampleBouncesContentView.swift in Sources */ = {isa = PBXBuildFile; fileRef = CB955CB02BBB6C1F00587035 /* ExampleBouncesContentView.swift */; };
		CBA53E442BA5ECCA001FA7D8 /* MainTabbarViewController.swift in Sources */ = {isa = PBXBuildFile; fileRef = CBA53E432BA5ECCA001FA7D8 /* MainTabbarViewController.swift */; };
		CBE27A082BC11BAC00FCE0EA /* UIViewExtension.swift in Sources */ = {isa = PBXBuildFile; fileRef = CBE27A072BC11BAC00FCE0EA /* UIViewExtension.swift */; };
		CBE27A0A2BC194C300FCE0EA /* SuggestView.swift in Sources */ = {isa = PBXBuildFile; fileRef = CBE27A092BC194C300FCE0EA /* SuggestView.swift */; };
		CBE27A0C2BC194D700FCE0EA /* SuggestView.xib in Resources */ = {isa = PBXBuildFile; fileRef = CBE27A0B2BC194D700FCE0EA /* SuggestView.xib */; };
		CBE27A0E2BC19FCE00FCE0EA /* FlowView.swift in Sources */ = {isa = PBXBuildFile; fileRef = CBE27A0D2BC19FCE00FCE0EA /* FlowView.swift */; };
		CBE27A102BC19FDB00FCE0EA /* FlowView.xib in Resources */ = {isa = PBXBuildFile; fileRef = CBE27A0F2BC19FDB00FCE0EA /* FlowView.xib */; };
		CBE27A162BC23DCE00FCE0EA /* SuggestCell.swift in Sources */ = {isa = PBXBuildFile; fileRef = CBE27A142BC23DCE00FCE0EA /* SuggestCell.swift */; };
		CBE27A172BC23DCE00FCE0EA /* SuggestCell.xib in Resources */ = {isa = PBXBuildFile; fileRef = CBE27A152BC23DCE00FCE0EA /* SuggestCell.xib */; };
		CBE27A1A2BC23DE200FCE0EA /* ImageCell.swift in Sources */ = {isa = PBXBuildFile; fileRef = CBE27A182BC23DE200FCE0EA /* ImageCell.swift */; };
		CBE27A1B2BC23DE200FCE0EA /* ImageCell.xib in Resources */ = {isa = PBXBuildFile; fileRef = CBE27A192BC23DE200FCE0EA /* ImageCell.xib */; };
/* End PBXBuildFile section */

/* Begin PBXFileReference section */
		4A5AD855A8112EF96C73F601 /* Pods_ToraOffical.framework */ = {isa = PBXFileReference; explicitFileType = wrapper.framework; includeInIndex = 0; path = Pods_ToraOffical.framework; sourceTree = BUILT_PRODUCTS_DIR; };
		CB2584072BA58A3800FF6DEC /* Localizable.strings */ = {isa = PBXFileReference; lastKnownFileType = text.plist.strings; path = Localizable.strings; sourceTree = "<group>"; };
		CB2584102BA58F7700FF6DEC /* LearnScreen.swift */ = {isa = PBXFileReference; lastKnownFileType = sourcecode.swift; path = LearnScreen.swift; sourceTree = "<group>"; };
		CB2584112BA58F7700FF6DEC /* LearnScreen.xib */ = {isa = PBXFileReference; lastKnownFileType = file.xib; path = LearnScreen.xib; sourceTree = "<group>"; };
		CB2584152BA58FAA00FF6DEC /* BookScreen.swift */ = {isa = PBXFileReference; lastKnownFileType = sourcecode.swift; path = BookScreen.swift; sourceTree = "<group>"; };
		CB2584162BA58FAA00FF6DEC /* BookScreen.xib */ = {isa = PBXFileReference; lastKnownFileType = file.xib; path = BookScreen.xib; sourceTree = "<group>"; };
		CB2584212BA5903F00FF6DEC /* HomeScreen.swift */ = {isa = PBXFileReference; lastKnownFileType = sourcecode.swift; path = HomeScreen.swift; sourceTree = "<group>"; };
		CB2584222BA5903F00FF6DEC /* HomeScreen.xib */ = {isa = PBXFileReference; lastKnownFileType = file.xib; path = HomeScreen.xib; sourceTree = "<group>"; };
		CB2584262BA5921500FF6DEC /* ProfileScreen.swift */ = {isa = PBXFileReference; lastKnownFileType = sourcecode.swift; path = ProfileScreen.swift; sourceTree = "<group>"; };
		CB2584272BA5921500FF6DEC /* ProfileScreen.xib */ = {isa = PBXFileReference; lastKnownFileType = file.xib; path = ProfileScreen.xib; sourceTree = "<group>"; };
		CB36BFE72B9C567400E63D38 /* SF-Pro-Rounded-Regular.ttf */ = {isa = PBXFileReference; lastKnownFileType = file; path = "SF-Pro-Rounded-Regular.ttf"; sourceTree = "<group>"; };
		CB36BFE82B9C567400E63D38 /* SF-Pro-Rounded-Semibold.ttf */ = {isa = PBXFileReference; lastKnownFileType = file; path = "SF-Pro-Rounded-Semibold.ttf"; sourceTree = "<group>"; };
		CB36BFE92B9C567500E63D38 /* SF-Pro-Rounded-Bold.ttf */ = {isa = PBXFileReference; lastKnownFileType = file; path = "SF-Pro-Rounded-Bold.ttf"; sourceTree = "<group>"; };
		CB36BFED2B9C9AFC00E63D38 /* OnboardingScreen.swift */ = {isa = PBXFileReference; lastKnownFileType = sourcecode.swift; path = OnboardingScreen.swift; sourceTree = "<group>"; };
		CB4B2DD12B94C613008BA1B2 /* ToraOffical.app */ = {isa = PBXFileReference; explicitFileType = wrapper.application; includeInIndex = 0; path = ToraOffical.app; sourceTree = BUILT_PRODUCTS_DIR; };
		CB4B2DD42B94C613008BA1B2 /* AppDelegate.swift */ = {isa = PBXFileReference; lastKnownFileType = sourcecode.swift; path = AppDelegate.swift; sourceTree = "<group>"; };
		CB4B2DD62B94C613008BA1B2 /* SceneDelegate.swift */ = {isa = PBXFileReference; lastKnownFileType = sourcecode.swift; path = SceneDelegate.swift; sourceTree = "<group>"; };
		CB4B2DD82B94C613008BA1B2 /* LoginScreen.swift */ = {isa = PBXFileReference; lastKnownFileType = sourcecode.swift; path = LoginScreen.swift; sourceTree = "<group>"; };
		CB4B2DDB2B94C613008BA1B2 /* Base */ = {isa = PBXFileReference; lastKnownFileType = file.storyboard; name = Base; path = Base.lproj/Main.storyboard; sourceTree = "<group>"; };
		CB4B2DDD2B94C614008BA1B2 /* Assets.xcassets */ = {isa = PBXFileReference; lastKnownFileType = folder.assetcatalog; path = Assets.xcassets; sourceTree = "<group>"; };
		CB4B2DE02B94C614008BA1B2 /* Base */ = {isa = PBXFileReference; lastKnownFileType = file.storyboard; name = Base; path = Base.lproj/LaunchScreen.storyboard; sourceTree = "<group>"; };
		CB4B2DE22B94C614008BA1B2 /* Info.plist */ = {isa = PBXFileReference; lastKnownFileType = text.plist.xml; path = Info.plist; sourceTree = "<group>"; };
		CB73EFCB2BBC47940007A0EE /* ExampleBasicContentView.swift */ = {isa = PBXFileReference; lastKnownFileType = sourcecode.swift; path = ExampleBasicContentView.swift; sourceTree = "<group>"; };
		CB73EFCD2BBCC0180007A0EE /* CardView.swift */ = {isa = PBXFileReference; lastKnownFileType = sourcecode.swift; path = CardView.swift; sourceTree = "<group>"; };
		CB73EFCF2BBCC03A0007A0EE /* CardView.xib */ = {isa = PBXFileReference; lastKnownFileType = file.xib; path = CardView.xib; sourceTree = "<group>"; };
		CB73EFD12BBCC9310007A0EE /* ErrorScreen.swift */ = {isa = PBXFileReference; lastKnownFileType = sourcecode.swift; path = ErrorScreen.swift; sourceTree = "<group>"; };
		CB73EFD22BBCC9310007A0EE /* ErrorScreen.xib */ = {isa = PBXFileReference; lastKnownFileType = file.xib; path = ErrorScreen.xib; sourceTree = "<group>"; };
		CB955CB02BBB6C1F00587035 /* ExampleBouncesContentView.swift */ = {isa = PBXFileReference; lastKnownFileType = sourcecode.swift; path = ExampleBouncesContentView.swift; sourceTree = "<group>"; };
		CBA53E432BA5ECCA001FA7D8 /* MainTabbarViewController.swift */ = {isa = PBXFileReference; lastKnownFileType = sourcecode.swift; path = MainTabbarViewController.swift; sourceTree = "<group>"; };
		CBE27A072BC11BAC00FCE0EA /* UIViewExtension.swift */ = {isa = PBXFileReference; lastKnownFileType = sourcecode.swift; name = UIViewExtension.swift; path = ToraOffical/UIViewExtension.swift; sourceTree = SOURCE_ROOT; };
		CBE27A092BC194C300FCE0EA /* SuggestView.swift */ = {isa = PBXFileReference; lastKnownFileType = sourcecode.swift; path = SuggestView.swift; sourceTree = "<group>"; };
		CBE27A0B2BC194D700FCE0EA /* SuggestView.xib */ = {isa = PBXFileReference; lastKnownFileType = file.xib; path = SuggestView.xib; sourceTree = "<group>"; };
		CBE27A0D2BC19FCE00FCE0EA /* FlowView.swift */ = {isa = PBXFileReference; lastKnownFileType = sourcecode.swift; path = FlowView.swift; sourceTree = "<group>"; };
		CBE27A0F2BC19FDB00FCE0EA /* FlowView.xib */ = {isa = PBXFileReference; lastKnownFileType = file.xib; path = FlowView.xib; sourceTree = "<group>"; };
		CBE27A142BC23DCE00FCE0EA /* SuggestCell.swift */ = {isa = PBXFileReference; lastKnownFileType = sourcecode.swift; path = SuggestCell.swift; sourceTree = "<group>"; };
		CBE27A152BC23DCE00FCE0EA /* SuggestCell.xib */ = {isa = PBXFileReference; lastKnownFileType = file.xib; path = SuggestCell.xib; sourceTree = "<group>"; };
		CBE27A182BC23DE200FCE0EA /* ImageCell.swift */ = {isa = PBXFileReference; lastKnownFileType = sourcecode.swift; path = ImageCell.swift; sourceTree = "<group>"; };
		CBE27A192BC23DE200FCE0EA /* ImageCell.xib */ = {isa = PBXFileReference; lastKnownFileType = file.xib; path = ImageCell.xib; sourceTree = "<group>"; };
		F4AB2409855F840BF015EB48 /* Pods-ToraOffical.debug.xcconfig */ = {isa = PBXFileReference; includeInIndex = 1; lastKnownFileType = text.xcconfig; name = "Pods-ToraOffical.debug.xcconfig"; path = "Target Support Files/Pods-ToraOffical/Pods-ToraOffical.debug.xcconfig"; sourceTree = "<group>"; };
		FF4623BCD847D172B4296676 /* Pods-ToraOffical.release.xcconfig */ = {isa = PBXFileReference; includeInIndex = 1; lastKnownFileType = text.xcconfig; name = "Pods-ToraOffical.release.xcconfig"; path = "Target Support Files/Pods-ToraOffical/Pods-ToraOffical.release.xcconfig"; sourceTree = "<group>"; };
/* End PBXFileReference section */

/* Begin PBXFrameworksBuildPhase section */
		CB4B2DCE2B94C613008BA1B2 /* Frameworks */ = {
			isa = PBXFrameworksBuildPhase;
			buildActionMask = 2147483647;
			files = (
				5ABBCD4BBC6C7CA78E8FF66B /* Pods_ToraOffical.framework in Frameworks */,
			);
			runOnlyForDeploymentPostprocessing = 0;
		};
/* End PBXFrameworksBuildPhase section */

/* Begin PBXGroup section */
		01E07804A9B878D370A73EB1 /* Frameworks */ = {
			isa = PBXGroup;
			children = (
				4A5AD855A8112EF96C73F601 /* Pods_ToraOffical.framework */,
			);
			name = Frameworks;
			sourceTree = "<group>";
		};
		52E2838BB14ABEE1934D3AD2 /* Pods */ = {
			isa = PBXGroup;
			children = (
				F4AB2409855F840BF015EB48 /* Pods-ToraOffical.debug.xcconfig */,
				FF4623BCD847D172B4296676 /* Pods-ToraOffical.release.xcconfig */,
			);
			path = Pods;
			sourceTree = "<group>";
		};
		CB2584092BA58EB900FF6DEC /* TabbarController */ = {
			isa = PBXGroup;
			children = (
				CBA53E432BA5ECCA001FA7D8 /* MainTabbarViewController.swift */,
				CB955CB02BBB6C1F00587035 /* ExampleBouncesContentView.swift */,
				CB73EFCB2BBC47940007A0EE /* ExampleBasicContentView.swift */,
			);
			path = TabbarController;
			sourceTree = "<group>";
		};
		CB25840F2BA58F5400FF6DEC /* Learn */ = {
			isa = PBXGroup;
			children = (
				CB2584102BA58F7700FF6DEC /* LearnScreen.swift */,
				CB2584112BA58F7700FF6DEC /* LearnScreen.xib */,
				CB73EFCD2BBCC0180007A0EE /* CardView.swift */,
				CB73EFCF2BBCC03A0007A0EE /* CardView.xib */,
			);
			path = Learn;
			sourceTree = "<group>";
		};
		CB2584142BA58F7E00FF6DEC /* Book */ = {
			isa = PBXGroup;
			children = (
				CB2584152BA58FAA00FF6DEC /* BookScreen.swift */,
				CB2584162BA58FAA00FF6DEC /* BookScreen.xib */,
			);
			path = Book;
			sourceTree = "<group>";
		};
		CB2584202BA5902200FF6DEC /* Home */ = {
			isa = PBXGroup;
			children = (
				CB2584212BA5903F00FF6DEC /* HomeScreen.swift */,
				CB2584222BA5903F00FF6DEC /* HomeScreen.xib */,
				CBE27A132BC23D8D00FCE0EA /* Views */,
				CBE27A112BC23D7800FCE0EA /* Cells */,
			);
			path = Home;
			sourceTree = "<group>";
		};
		CB2584252BA591F800FF6DEC /* Profile */ = {
			isa = PBXGroup;
			children = (
				CB2584262BA5921500FF6DEC /* ProfileScreen.swift */,
				CB2584272BA5921500FF6DEC /* ProfileScreen.xib */,
			);
			path = Profile;
			sourceTree = "<group>";
		};
		CB36BFE12B9C49F800E63D38 /* Extension */ = {
			isa = PBXGroup;
			children = (
				CBE27A072BC11BAC00FCE0EA /* UIViewExtension.swift */,
			);
			path = Extension;
			sourceTree = "<group>";
		};
		CB4B2DC82B94C613008BA1B2 = {
			isa = PBXGroup;
			children = (
				CB4B2DD32B94C613008BA1B2 /* ToraOffical */,
				CB4B2DD22B94C613008BA1B2 /* Products */,
				52E2838BB14ABEE1934D3AD2 /* Pods */,
				01E07804A9B878D370A73EB1 /* Frameworks */,
			);
			sourceTree = "<group>";
		};
		CB4B2DD22B94C613008BA1B2 /* Products */ = {
			isa = PBXGroup;
			children = (
				CB4B2DD12B94C613008BA1B2 /* ToraOffical.app */,
			);
			name = Products;
			sourceTree = "<group>";
		};
		CB4B2DD32B94C613008BA1B2 /* ToraOffical */ = {
			isa = PBXGroup;
			children = (
				CB4B2DDA2B94C613008BA1B2 /* Main.storyboard */,
				CB4B2DD42B94C613008BA1B2 /* AppDelegate.swift */,
				CB4B2DD62B94C613008BA1B2 /* SceneDelegate.swift */,
				CB4B2DD82B94C613008BA1B2 /* LoginScreen.swift */,
				CB36BFED2B9C9AFC00E63D38 /* OnboardingScreen.swift */,
				CB2584092BA58EB900FF6DEC /* TabbarController */,
				CB2584202BA5902200FF6DEC /* Home */,
				CB25840F2BA58F5400FF6DEC /* Learn */,
				CB2584142BA58F7E00FF6DEC /* Book */,
				CB2584252BA591F800FF6DEC /* Profile */,
				CB73EFD52BBCC9400007A0EE /* ErrorScreen */,
				CB36BFE12B9C49F800E63D38 /* Extension */,
				CBCE2C032B9C1E6100D4E274 /* Font */,
				CB4B2DDD2B94C614008BA1B2 /* Assets.xcassets */,
				CB4B2DDF2B94C614008BA1B2 /* LaunchScreen.storyboard */,
				CB4B2DE22B94C614008BA1B2 /* Info.plist */,
				CB2584072BA58A3800FF6DEC /* Localizable.strings */,
			);
			path = ToraOffical;
			sourceTree = "<group>";
		};
		CB73EFD52BBCC9400007A0EE /* ErrorScreen */ = {
			isa = PBXGroup;
			children = (
				CB73EFD12BBCC9310007A0EE /* ErrorScreen.swift */,
				CB73EFD22BBCC9310007A0EE /* ErrorScreen.xib */,
			);
			path = ErrorScreen;
			sourceTree = "<group>";
		};
		CBCE2C032B9C1E6100D4E274 /* Font */ = {
			isa = PBXGroup;
			children = (
				CB36BFE92B9C567500E63D38 /* SF-Pro-Rounded-Bold.ttf */,
				CB36BFE72B9C567400E63D38 /* SF-Pro-Rounded-Regular.ttf */,
				CB36BFE82B9C567400E63D38 /* SF-Pro-Rounded-Semibold.ttf */,
			);
			path = Font;
			sourceTree = "<group>";
		};
		CBE27A112BC23D7800FCE0EA /* Cells */ = {
			isa = PBXGroup;
			children = (
				CBE27A142BC23DCE00FCE0EA /* SuggestCell.swift */,
				CBE27A152BC23DCE00FCE0EA /* SuggestCell.xib */,
				CBE27A182BC23DE200FCE0EA /* ImageCell.swift */,
				CBE27A192BC23DE200FCE0EA /* ImageCell.xib */,
			);
			path = Cells;
			sourceTree = "<group>";
		};
		CBE27A132BC23D8D00FCE0EA /* Views */ = {
			isa = PBXGroup;
			children = (
				CBE27A092BC194C300FCE0EA /* SuggestView.swift */,
				CBE27A0B2BC194D700FCE0EA /* SuggestView.xib */,
				CBE27A0D2BC19FCE00FCE0EA /* FlowView.swift */,
				CBE27A0F2BC19FDB00FCE0EA /* FlowView.xib */,
			);
			path = Views;
			sourceTree = "<group>";
		};
/* End PBXGroup section */

/* Begin PBXNativeTarget section */
		CB4B2DD02B94C613008BA1B2 /* ToraOffical */ = {
			isa = PBXNativeTarget;
			buildConfigurationList = CB4B2DE52B94C614008BA1B2 /* Build configuration list for PBXNativeTarget "ToraOffical" */;
			buildPhases = (
				459F056CAE3FDCD3FE198359 /* [CP] Check Pods Manifest.lock */,
				CB4B2DCD2B94C613008BA1B2 /* Sources */,
				CB4B2DCE2B94C613008BA1B2 /* Frameworks */,
				CB4B2DCF2B94C613008BA1B2 /* Resources */,
				3AAFE209BFD8E51E0881267A /* [CP] Embed Pods Frameworks */,
			);
			buildRules = (
			);
			dependencies = (
			);
			name = ToraOffical;
			productName = ToraOffical;
			productReference = CB4B2DD12B94C613008BA1B2 /* ToraOffical.app */;
			productType = "com.apple.product-type.application";
		};
/* End PBXNativeTarget section */

/* Begin PBXProject section */
		CB4B2DC92B94C613008BA1B2 /* Project object */ = {
			isa = PBXProject;
			attributes = {
				BuildIndependentTargetsInParallel = 1;
				LastSwiftUpdateCheck = 1430;
				LastUpgradeCheck = 1430;
				TargetAttributes = {
					CB4B2DD02B94C613008BA1B2 = {
						CreatedOnToolsVersion = 14.3.1;
					};
				};
			};
			buildConfigurationList = CB4B2DCC2B94C613008BA1B2 /* Build configuration list for PBXProject "ToraOffical" */;
			compatibilityVersion = "Xcode 14.0";
			developmentRegion = en;
			hasScannedForEncodings = 0;
			knownRegions = (
				en,
				Base,
			);
			mainGroup = CB4B2DC82B94C613008BA1B2;
			productRefGroup = CB4B2DD22B94C613008BA1B2 /* Products */;
			projectDirPath = "";
			projectRoot = "";
			targets = (
				CB4B2DD02B94C613008BA1B2 /* ToraOffical */,
			);
		};
/* End PBXProject section */

/* Begin PBXResourcesBuildPhase section */
		CB4B2DCF2B94C613008BA1B2 /* Resources */ = {
			isa = PBXResourcesBuildPhase;
			buildActionMask = 2147483647;
			files = (
				CBE27A1B2BC23DE200FCE0EA /* ImageCell.xib in Resources */,
				CB36BFEC2B9C567500E63D38 /* SF-Pro-Rounded-Bold.ttf in Resources */,
				CB4B2DE12B94C614008BA1B2 /* LaunchScreen.storyboard in Resources */,
				CBE27A172BC23DCE00FCE0EA /* SuggestCell.xib in Resources */,
				CB73EFD02BBCC03A0007A0EE /* CardView.xib in Resources */,
				CB73EFD42BBCC9310007A0EE /* ErrorScreen.xib in Resources */,
				CB4B2DDE2B94C614008BA1B2 /* Assets.xcassets in Resources */,
				CB2584082BA58A3800FF6DEC /* Localizable.strings in Resources */,
				CB36BFEA2B9C567500E63D38 /* SF-Pro-Rounded-Regular.ttf in Resources */,
				CBE27A0C2BC194D700FCE0EA /* SuggestView.xib in Resources */,
				CB2584132BA58F7700FF6DEC /* LearnScreen.xib in Resources */,
				CB4B2DDC2B94C613008BA1B2 /* Main.storyboard in Resources */,
				CB2584182BA58FAA00FF6DEC /* BookScreen.xib in Resources */,
				CB2584242BA5903F00FF6DEC /* HomeScreen.xib in Resources */,
				CB36BFEB2B9C567500E63D38 /* SF-Pro-Rounded-Semibold.ttf in Resources */,
				CB2584292BA5921500FF6DEC /* ProfileScreen.xib in Resources */,
				CBE27A102BC19FDB00FCE0EA /* FlowView.xib in Resources */,
			);
			runOnlyForDeploymentPostprocessing = 0;
		};
/* End PBXResourcesBuildPhase section */

/* Begin PBXShellScriptBuildPhase section */
		3AAFE209BFD8E51E0881267A /* [CP] Embed Pods Frameworks */ = {
			isa = PBXShellScriptBuildPhase;
			buildActionMask = 2147483647;
			files = (
			);
			inputFileListPaths = (
				"${PODS_ROOT}/Target Support Files/Pods-ToraOffical/Pods-ToraOffical-frameworks-${CONFIGURATION}-input-files.xcfilelist",
			);
			name = "[CP] Embed Pods Frameworks";
			outputFileListPaths = (
				"${PODS_ROOT}/Target Support Files/Pods-ToraOffical/Pods-ToraOffical-frameworks-${CONFIGURATION}-output-files.xcfilelist",
			);
			runOnlyForDeploymentPostprocessing = 0;
			shellPath = /bin/sh;
			shellScript = "\"${PODS_ROOT}/Target Support Files/Pods-ToraOffical/Pods-ToraOffical-frameworks.sh\"\n";
			showEnvVarsInLog = 0;
		};
		459F056CAE3FDCD3FE198359 /* [CP] Check Pods Manifest.lock */ = {
			isa = PBXShellScriptBuildPhase;
			buildActionMask = 2147483647;
			files = (
			);
			inputFileListPaths = (
			);
			inputPaths = (
				"${PODS_PODFILE_DIR_PATH}/Podfile.lock",
				"${PODS_ROOT}/Manifest.lock",
			);
			name = "[CP] Check Pods Manifest.lock";
			outputFileListPaths = (
			);
			outputPaths = (
				"$(DERIVED_FILE_DIR)/Pods-ToraOffical-checkManifestLockResult.txt",
			);
			runOnlyForDeploymentPostprocessing = 0;
			shellPath = /bin/sh;
			shellScript = "diff \"${PODS_PODFILE_DIR_PATH}/Podfile.lock\" \"${PODS_ROOT}/Manifest.lock\" > /dev/null\nif [ $? != 0 ] ; then\n    # print error to STDERR\n    echo \"error: The sandbox is not in sync with the Podfile.lock. Run 'pod install' or update your CocoaPods installation.\" >&2\n    exit 1\nfi\n# This output is used by Xcode 'outputs' to avoid re-running this script phase.\necho \"SUCCESS\" > \"${SCRIPT_OUTPUT_FILE_0}\"\n";
			showEnvVarsInLog = 0;
		};
/* End PBXShellScriptBuildPhase section */

/* Begin PBXSourcesBuildPhase section */
		CB4B2DCD2B94C613008BA1B2 /* Sources */ = {
			isa = PBXSourcesBuildPhase;
			buildActionMask = 2147483647;
			files = (
				CB36BFEE2B9C9AFC00E63D38 /* OnboardingScreen.swift in Sources */,
				CB4B2DD92B94C613008BA1B2 /* LoginScreen.swift in Sources */,
				CBE27A0A2BC194C300FCE0EA /* SuggestView.swift in Sources */,
				CB73EFD32BBCC9310007A0EE /* ErrorScreen.swift in Sources */,
				CBE27A162BC23DCE00FCE0EA /* SuggestCell.swift in Sources */,
				CB2584122BA58F7700FF6DEC /* LearnScreen.swift in Sources */,
				CBE27A082BC11BAC00FCE0EA /* UIViewExtension.swift in Sources */,
				CB2584282BA5921500FF6DEC /* ProfileScreen.swift in Sources */,
				CB2584232BA5903F00FF6DEC /* HomeScreen.swift in Sources */,
				CB4B2DD52B94C613008BA1B2 /* AppDelegate.swift in Sources */,
				CB2584172BA58FAA00FF6DEC /* BookScreen.swift in Sources */,
				CBE27A1A2BC23DE200FCE0EA /* ImageCell.swift in Sources */,
				CB4B2DD72B94C613008BA1B2 /* SceneDelegate.swift in Sources */,
				CBA53E442BA5ECCA001FA7D8 /* MainTabbarViewController.swift in Sources */,
				CBE27A0E2BC19FCE00FCE0EA /* FlowView.swift in Sources */,
				CB73EFCC2BBC47940007A0EE /* ExampleBasicContentView.swift in Sources */,
				CB73EFCE2BBCC0180007A0EE /* CardView.swift in Sources */,
				CB955CB12BBB6C1F00587035 /* ExampleBouncesContentView.swift in Sources */,
			);
			runOnlyForDeploymentPostprocessing = 0;
		};
/* End PBXSourcesBuildPhase section */

/* Begin PBXVariantGroup section */
		CB4B2DDA2B94C613008BA1B2 /* Main.storyboard */ = {
			isa = PBXVariantGroup;
			children = (
				CB4B2DDB2B94C613008BA1B2 /* Base */,
			);
			name = Main.storyboard;
			sourceTree = "<group>";
		};
		CB4B2DDF2B94C614008BA1B2 /* LaunchScreen.storyboard */ = {
			isa = PBXVariantGroup;
			children = (
				CB4B2DE02B94C614008BA1B2 /* Base */,
			);
			name = LaunchScreen.storyboard;
			sourceTree = "<group>";
		};
/* End PBXVariantGroup section */

/* Begin XCBuildConfiguration section */
		CB4B2DE32B94C614008BA1B2 /* Debug */ = {
			isa = XCBuildConfiguration;
			buildSettings = {
				ALWAYS_SEARCH_USER_PATHS = NO;
				CLANG_ANALYZER_NONNULL = YES;
				CLANG_ANALYZER_NUMBER_OBJECT_CONVERSION = YES_AGGRESSIVE;
				CLANG_CXX_LANGUAGE_STANDARD = "gnu++20";
				CLANG_ENABLE_MODULES = YES;
				CLANG_ENABLE_OBJC_ARC = YES;
				CLANG_ENABLE_OBJC_WEAK = YES;
				CLANG_WARN_BLOCK_CAPTURE_AUTORELEASING = YES;
				CLANG_WARN_BOOL_CONVERSION = YES;
				CLANG_WARN_COMMA = YES;
				CLANG_WARN_CONSTANT_CONVERSION = YES;
				CLANG_WARN_DEPRECATED_OBJC_IMPLEMENTATIONS = YES;
				CLANG_WARN_DIRECT_OBJC_ISA_USAGE = YES_ERROR;
				CLANG_WARN_DOCUMENTATION_COMMENTS = YES;
				CLANG_WARN_EMPTY_BODY = YES;
				CLANG_WARN_ENUM_CONVERSION = YES;
				CLANG_WARN_INFINITE_RECURSION = YES;
				CLANG_WARN_INT_CONVERSION = YES;
				CLANG_WARN_NON_LITERAL_NULL_CONVERSION = YES;
				CLANG_WARN_OBJC_IMPLICIT_RETAIN_SELF = YES;
				CLANG_WARN_OBJC_LITERAL_CONVERSION = YES;
				CLANG_WARN_OBJC_ROOT_CLASS = YES_ERROR;
				CLANG_WARN_QUOTED_INCLUDE_IN_FRAMEWORK_HEADER = YES;
				CLANG_WARN_RANGE_LOOP_ANALYSIS = YES;
				CLANG_WARN_STRICT_PROTOTYPES = YES;
				CLANG_WARN_SUSPICIOUS_MOVE = YES;
				CLANG_WARN_UNGUARDED_AVAILABILITY = YES_AGGRESSIVE;
				CLANG_WARN_UNREACHABLE_CODE = YES;
				CLANG_WARN__DUPLICATE_METHOD_MATCH = YES;
				COPY_PHASE_STRIP = NO;
				DEBUG_INFORMATION_FORMAT = dwarf;
				ENABLE_STRICT_OBJC_MSGSEND = YES;
				ENABLE_TESTABILITY = YES;
				GCC_C_LANGUAGE_STANDARD = gnu11;
				GCC_DYNAMIC_NO_PIC = NO;
				GCC_NO_COMMON_BLOCKS = YES;
				GCC_OPTIMIZATION_LEVEL = 0;
				GCC_PREPROCESSOR_DEFINITIONS = (
					"DEBUG=1",
					"$(inherited)",
				);
				GCC_WARN_64_TO_32_BIT_CONVERSION = YES;
				GCC_WARN_ABOUT_RETURN_TYPE = YES_ERROR;
				GCC_WARN_UNDECLARED_SELECTOR = YES;
				GCC_WARN_UNINITIALIZED_AUTOS = YES_AGGRESSIVE;
				GCC_WARN_UNUSED_FUNCTION = YES;
				GCC_WARN_UNUSED_VARIABLE = YES;
				IPHONEOS_DEPLOYMENT_TARGET = 16.4;
				MTL_ENABLE_DEBUG_INFO = INCLUDE_SOURCE;
				MTL_FAST_MATH = YES;
				ONLY_ACTIVE_ARCH = YES;
				SDKROOT = iphoneos;
				SWIFT_ACTIVE_COMPILATION_CONDITIONS = DEBUG;
				SWIFT_OPTIMIZATION_LEVEL = "-Onone";
			};
			name = Debug;
		};
		CB4B2DE42B94C614008BA1B2 /* Release */ = {
			isa = XCBuildConfiguration;
			buildSettings = {
				ALWAYS_SEARCH_USER_PATHS = NO;
				CLANG_ANALYZER_NONNULL = YES;
				CLANG_ANALYZER_NUMBER_OBJECT_CONVERSION = YES_AGGRESSIVE;
				CLANG_CXX_LANGUAGE_STANDARD = "gnu++20";
				CLANG_ENABLE_MODULES = YES;
				CLANG_ENABLE_OBJC_ARC = YES;
				CLANG_ENABLE_OBJC_WEAK = YES;
				CLANG_WARN_BLOCK_CAPTURE_AUTORELEASING = YES;
				CLANG_WARN_BOOL_CONVERSION = YES;
				CLANG_WARN_COMMA = YES;
				CLANG_WARN_CONSTANT_CONVERSION = YES;
				CLANG_WARN_DEPRECATED_OBJC_IMPLEMENTATIONS = YES;
				CLANG_WARN_DIRECT_OBJC_ISA_USAGE = YES_ERROR;
				CLANG_WARN_DOCUMENTATION_COMMENTS = YES;
				CLANG_WARN_EMPTY_BODY = YES;
				CLANG_WARN_ENUM_CONVERSION = YES;
				CLANG_WARN_INFINITE_RECURSION = YES;
				CLANG_WARN_INT_CONVERSION = YES;
				CLANG_WARN_NON_LITERAL_NULL_CONVERSION = YES;
				CLANG_WARN_OBJC_IMPLICIT_RETAIN_SELF = YES;
				CLANG_WARN_OBJC_LITERAL_CONVERSION = YES;
				CLANG_WARN_OBJC_ROOT_CLASS = YES_ERROR;
				CLANG_WARN_QUOTED_INCLUDE_IN_FRAMEWORK_HEADER = YES;
				CLANG_WARN_RANGE_LOOP_ANALYSIS = YES;
				CLANG_WARN_STRICT_PROTOTYPES = YES;
				CLANG_WARN_SUSPICIOUS_MOVE = YES;
				CLANG_WARN_UNGUARDED_AVAILABILITY = YES_AGGRESSIVE;
				CLANG_WARN_UNREACHABLE_CODE = YES;
				CLANG_WARN__DUPLICATE_METHOD_MATCH = YES;
				COPY_PHASE_STRIP = NO;
				DEBUG_INFORMATION_FORMAT = "dwarf-with-dsym";
				ENABLE_NS_ASSERTIONS = NO;
				ENABLE_STRICT_OBJC_MSGSEND = YES;
				GCC_C_LANGUAGE_STANDARD = gnu11;
				GCC_NO_COMMON_BLOCKS = YES;
				GCC_WARN_64_TO_32_BIT_CONVERSION = YES;
				GCC_WARN_ABOUT_RETURN_TYPE = YES_ERROR;
				GCC_WARN_UNDECLARED_SELECTOR = YES;
				GCC_WARN_UNINITIALIZED_AUTOS = YES_AGGRESSIVE;
				GCC_WARN_UNUSED_FUNCTION = YES;
				GCC_WARN_UNUSED_VARIABLE = YES;
				IPHONEOS_DEPLOYMENT_TARGET = 16.4;
				MTL_ENABLE_DEBUG_INFO = NO;
				MTL_FAST_MATH = YES;
				SDKROOT = iphoneos;
				SWIFT_COMPILATION_MODE = wholemodule;
				SWIFT_OPTIMIZATION_LEVEL = "-O";
				VALIDATE_PRODUCT = YES;
			};
			name = Release;
		};
		CB4B2DE62B94C614008BA1B2 /* Debug */ = {
			isa = XCBuildConfiguration;
			baseConfigurationReference = F4AB2409855F840BF015EB48 /* Pods-ToraOffical.debug.xcconfig */;
			buildSettings = {
				ASSETCATALOG_COMPILER_APPICON_NAME = AppIcon;
				ASSETCATALOG_COMPILER_GLOBAL_ACCENT_COLOR_NAME = AccentColor;
				CODE_SIGN_STYLE = Automatic;
				CURRENT_PROJECT_VERSION = 1;
				DEVELOPMENT_TEAM = Z2MKY57W8L;
				GENERATE_INFOPLIST_FILE = YES;
				INFOPLIST_FILE = ToraOffical/Info.plist;
				INFOPLIST_KEY_CFBundleDisplayName = "";
				INFOPLIST_KEY_LSApplicationCategoryType = "";
				INFOPLIST_KEY_UIApplicationSupportsIndirectInputEvents = YES;
				INFOPLIST_KEY_UILaunchStoryboardName = LaunchScreen;
				INFOPLIST_KEY_UIMainStoryboardFile = Main;
				INFOPLIST_KEY_UISupportedInterfaceOrientations_iPad = "UIInterfaceOrientationPortrait UIInterfaceOrientationPortraitUpsideDown UIInterfaceOrientationLandscapeLeft UIInterfaceOrientationLandscapeRight";
				INFOPLIST_KEY_UISupportedInterfaceOrientations_iPhone = "UIInterfaceOrientationPortrait UIInterfaceOrientationLandscapeLeft UIInterfaceOrientationLandscapeRight";
				LD_RUNPATH_SEARCH_PATHS = (
					"$(inherited)",
					"@executable_path/Frameworks",
				);
				MARKETING_VERSION = 1.0;
				PRODUCT_BUNDLE_IDENTIFIER = com.Tora.ToraOffical;
				PRODUCT_NAME = "$(TARGET_NAME)";
				SWIFT_EMIT_LOC_STRINGS = YES;
				SWIFT_VERSION = 5.0;
				TARGETED_DEVICE_FAMILY = "1,2";
			};
			name = Debug;
		};
		CB4B2DE72B94C614008BA1B2 /* Release */ = {
			isa = XCBuildConfiguration;
			baseConfigurationReference = FF4623BCD847D172B4296676 /* Pods-ToraOffical.release.xcconfig */;
			buildSettings = {
				ASSETCATALOG_COMPILER_APPICON_NAME = AppIcon;
				ASSETCATALOG_COMPILER_GLOBAL_ACCENT_COLOR_NAME = AccentColor;
				CODE_SIGN_STYLE = Automatic;
				CURRENT_PROJECT_VERSION = 1;
				DEVELOPMENT_TEAM = Z2MKY57W8L;
				GENERATE_INFOPLIST_FILE = YES;
				INFOPLIST_FILE = ToraOffical/Info.plist;
				INFOPLIST_KEY_CFBundleDisplayName = "";
				INFOPLIST_KEY_LSApplicationCategoryType = "";
				INFOPLIST_KEY_UIApplicationSupportsIndirectInputEvents = YES;
				INFOPLIST_KEY_UILaunchStoryboardName = LaunchScreen;
				INFOPLIST_KEY_UIMainStoryboardFile = Main;
				INFOPLIST_KEY_UISupportedInterfaceOrientations_iPad = "UIInterfaceOrientationPortrait UIInterfaceOrientationPortraitUpsideDown UIInterfaceOrientationLandscapeLeft UIInterfaceOrientationLandscapeRight";
				INFOPLIST_KEY_UISupportedInterfaceOrientations_iPhone = "UIInterfaceOrientationPortrait UIInterfaceOrientationLandscapeLeft UIInterfaceOrientationLandscapeRight";
				LD_RUNPATH_SEARCH_PATHS = (
					"$(inherited)",
					"@executable_path/Frameworks",
				);
				MARKETING_VERSION = 1.0;
				PRODUCT_BUNDLE_IDENTIFIER = com.Tora.ToraOffical;
				PRODUCT_NAME = "$(TARGET_NAME)";
				SWIFT_EMIT_LOC_STRINGS = YES;
				SWIFT_VERSION = 5.0;
				TARGETED_DEVICE_FAMILY = "1,2";
			};
			name = Release;
		};
/* End XCBuildConfiguration section */

/* Begin XCConfigurationList section */
		CB4B2DCC2B94C613008BA1B2 /* Build configuration list for PBXProject "ToraOffical" */ = {
			isa = XCConfigurationList;
			buildConfigurations = (
				CB4B2DE32B94C614008BA1B2 /* Debug */,
				CB4B2DE42B94C614008BA1B2 /* Release */,
			);
			defaultConfigurationIsVisible = 0;
			defaultConfigurationName = Release;
		};
		CB4B2DE52B94C614008BA1B2 /* Build configuration list for PBXNativeTarget "ToraOffical" */ = {
			isa = XCConfigurationList;
			buildConfigurations = (
				CB4B2DE62B94C614008BA1B2 /* Debug */,
				CB4B2DE72B94C614008BA1B2 /* Release */,
			);
			defaultConfigurationIsVisible = 0;
			defaultConfigurationName = Release;
		};
/* End XCConfigurationList section */
	};
	rootObject = CB4B2DC92B94C613008BA1B2 /* Project object */;
}
